
Microsoft Visual Studio Solution File, Format Version 12.00
# Visual Studio 15
VisualStudioVersion = 15.0.27428.2037
MinimumVisualStudioVersion = 10.0.40219.1
Project("{2150E333-8FDC-42A3-9474-1A3956D46DE8}") = "Lib", "Lib", "{0F3C778A-0BBD-4318-A8EE-A7C015C309B2}"
EndProject
Project("{2150E333-8FDC-42A3-9474-1A3956D46DE8}") = "Test", "Test", "{DFD3BE24-FF81-4B3F-9956-EA431C1D18A4}"
EndProject
Project("{2150E333-8FDC-42A3-9474-1A3956D46DE8}") = "NetFx", "NetFx", "{D09553F8-8DA4-407D-87CB-45D608DD8A1D}"
EndProject
Project("{D954291E-2A0B-460D-934E-DC6B0785DB48}") = "Microsoft.Azure.Storage.Common.Blob", "Lib\Common.Split\Shared\Blob.Shared\Microsoft.Azure.Storage.Common.Blob.shproj", "{0794A15F-79AE-4CBB-B08C-8259F20DFB18}"
EndProject
Project("{D954291E-2A0B-460D-934E-DC6B0785DB48}") = "Microsoft.Azure.Storage.Common.Queue", "Lib\Common.Split\Shared\Queue.Shared\Microsoft.Azure.Storage.Common.Queue.shproj", "{E7F33F50-9EF3-4F61-9287-087E8AC6B37B}"
EndProject
Project("{2150E333-8FDC-42A3-9474-1A3956D46DE8}") = "Shared", "Shared", "{1F576192-167E-4BE2-8287-EDD185E8F390}"
EndProject
Project("{2150E333-8FDC-42A3-9474-1A3956D46DE8}") = "NetFx", "NetFx", "{882CE84B-ED6C-43B8-8B0F-915ED61A4EBD}"
EndProject
Project("{D954291E-2A0B-460D-934E-DC6B0785DB48}") = "Microsoft.Azure.Storage.Common.File", "Lib\Common.Split\Shared\File.Shared\Microsoft.Azure.Storage.Common.File.shproj", "{95DAB5DD-4B2A-4F90-AB83-885B4C3B4A44}"
EndProject
Project("{FAE04EC0-301F-11D3-BF4B-00C04F79EFBC}") = "Microsoft.Azure.Storage.Queue.NetFx", "Lib\WindowsDesktop.Split\Queue\Microsoft.Azure.Storage.Queue.NetFx.csproj", "{ED51F78B-EC11-4052-A9CA-5A909C8BA3B7}"
EndProject
Project("{FAE04EC0-301F-11D3-BF4B-00C04F79EFBC}") = "Microsoft.Azure.Storage.Blob.NetFx", "Lib\WindowsDesktop.Split\Blob\Microsoft.Azure.Storage.Blob.NetFx.csproj", "{04928920-D800-41D5-808D-4ED254C9E4C1}"
EndProject
Project("{FAE04EC0-301F-11D3-BF4B-00C04F79EFBC}") = "Microsoft.Azure.Storage.File.NetFx", "Lib\WindowsDesktop.Split\File\Microsoft.Azure.Storage.File.NetFx.csproj", "{4C3CBC1B-3F11-4324-8412-5B6202B1BA61}"
EndProject
Project("{2150E333-8FDC-42A3-9474-1A3956D46DE8}") = "FaultInjection", "FaultInjection", "{8D751979-2F67-4B4A-9F31-40461495D40C}"
EndProject
Project("{FAE04EC0-301F-11D3-BF4B-00C04F79EFBC}") = "AzureStorageMangler", "Test\FaultInjection\AzureStorageMangler\AzureStorageMangler.csproj", "{6EB781C5-6D91-48F0-8F79-EC1E4EDAAF7B}"
EndProject
Project("{FAE04EC0-301F-11D3-BF4B-00C04F79EFBC}") = "HttpMangler", "Test\FaultInjection\HttpMangler\HttpMangler.csproj", "{CA607E8F-2906-4065-A1A9-4A3733F0CC31}"
EndProject
Project("{FAE04EC0-301F-11D3-BF4B-00C04F79EFBC}") = "Microsoft.Azure.Storage.Test.NetFx", "Test\WindowsDesktop.Split\Microsoft.Azure.Storage.Test.NetFx.csproj", "{1E1FF9EF-05E0-4305-AFD1-AD0A20069B8B}"
EndProject
Project("{FAE04EC0-301F-11D3-BF4B-00C04F79EFBC}") = "Microsoft.Azure.Storage.Common.NetFx", "Lib\Common.Split\NetFx\Microsoft.Azure.Storage.Common.NetFx.csproj", "{AA73796A-C515-4FE1-9DA0-DB95821D353C}"
EndProject
Project("{2150E333-8FDC-42A3-9474-1A3956D46DE8}") = "GitHub", "GitHub", "{0C89326D-DCDD-4668-8F98-D395B4A94848}"
	ProjectSection(SolutionItems) = preProject
		.github\CONTRIBUTING.md = .github\CONTRIBUTING.md
		.github\ISSUE_TEMPLATE.md = .github\ISSUE_TEMPLATE.md
	EndProjectSection
EndProject
Project("{9A19103F-16F7-4668-BE54-9A1E7A4F7556}") = "Microsoft.Azure.Storage.Common.NetStandard2", "Lib\Common.Split\NetStandard2\Microsoft.Azure.Storage.Common.NetStandard2.csproj", "{27D74FE0-4FD0-41A4-BE7E-298F9E84FEB8}"
EndProject
Project("{9A19103F-16F7-4668-BE54-9A1E7A4F7556}") = "Microsoft.Azure.Storage.Common.NetStandard", "Lib\Common.Split\NetStandard\Microsoft.Azure.Storage.Common\Microsoft.Azure.Storage.Common.NetStandard.csproj", "{38FFA81A-B574-4BF8-9DEC-B76F5881EC3A}"
EndProject
Project("{2150E333-8FDC-42A3-9474-1A3956D46DE8}") = "NetStandard1.3", "NetStandard1.3", "{7CC2E9E5-B70E-4788-A68E-26800B08100D}"
EndProject
Project("{2150E333-8FDC-42A3-9474-1A3956D46DE8}") = "NetStandard2.0", "NetStandard2.0", "{DE2D6EC7-C053-4AF3-9513-09631D39A74C}"
EndProject
Project("{9A19103F-16F7-4668-BE54-9A1E7A4F7556}") = "Microsoft.Azure.Storage.Blob.NetStandard", "Lib\Netstandard.Split\Microsoft.Azure.Storage.Blob\Microsoft.Azure.Storage.Blob.NetStandard.csproj", "{DB502C7F-C4B7-4074-84CF-59BB7DD5BBA2}"
EndProject
Project("{9A19103F-16F7-4668-BE54-9A1E7A4F7556}") = "Microsoft.Azure.Storage.File.NetStandard", "Lib\Netstandard.Split\Microsoft.Azure.Storage.File\Microsoft.Azure.Storage.File.NetStandard.csproj", "{1FCC9C24-2834-4F21-A526-2F0ED09D7747}"
EndProject
Project("{9A19103F-16F7-4668-BE54-9A1E7A4F7556}") = "Microsoft.Azure.Storage.Queue.NetStandard", "Lib\Netstandard.Split\Microsoft.Azure.Storage.Queue\Microsoft.Azure.Storage.Queue.NetStandard.csproj", "{AE114020-80B5-4B2C-B7CC-60770BE7CDB0}"
EndProject
Project("{9A19103F-16F7-4668-BE54-9A1E7A4F7556}") = "Microsoft.Azure.Storage.Blob.NetStandard2", "Lib\NetStandard2.Split\Blob\Microsoft.Azure.Storage.Blob.NetStandard2.csproj", "{1F0B7D79-38AF-44FC-85B7-69CEF5D8C9D4}"
EndProject
Project("{9A19103F-16F7-4668-BE54-9A1E7A4F7556}") = "Microsoft.Azure.Storage.File.NetStandard2", "Lib\NetStandard2.Split\File\Microsoft.Azure.Storage.File.NetStandard2.csproj", "{BEBF9E2B-D401-4FAB-989D-A21C79E8F797}"
EndProject
Project("{9A19103F-16F7-4668-BE54-9A1E7A4F7556}") = "Microsoft.Azure.Storage.Queue.NetStandard2", "Lib\NetStandard2.Split\Queue\Microsoft.Azure.Storage.Queue.NetStandard2.csproj", "{155B87EF-5F70-44AF-90BF-CF5859EE7B0E}"
EndProject
Project("{2150E333-8FDC-42A3-9474-1A3956D46DE8}") = "NetStandard1.3", "NetStandard1.3", "{5543901A-7128-412A-BD78-56FAE30BC685}"
EndProject
Project("{2150E333-8FDC-42A3-9474-1A3956D46DE8}") = "NetStandard2.0", "NetStandard2.0", "{62DF9C7F-BF71-41A1-965F-F3C88141F67C}"
EndProject
Project("{9A19103F-16F7-4668-BE54-9A1E7A4F7556}") = "Microsoft.Azure.Storage.Test.NetCore", "Test\NetStandard.Split\Microsoft.Azure.Storage.Test\Microsoft.Azure.Storage.Test.NetCore.csproj", "{3A5E1D1F-FDEF-4CA4-8D10-3616D7CDFC92}"
EndProject
Project("{9A19103F-16F7-4668-BE54-9A1E7A4F7556}") = "Microsoft.Azure.Storage.Test.NetCore2", "Test\NetCore2\Microsoft.Azure.Storage.Test.NetCore2.csproj", "{787E389F-FBA3-4C60-998F-29FD8595A318}"
EndProject
Project("{2150E333-8FDC-42A3-9474-1A3956D46DE8}") = "NuSpecs", "NuSpecs", "{36525584-B315-48FF-9870-FA57DCE51CDC}"
	ProjectSection(SolutionItems) = preProject
		Nuspecs\Azure.Storage.Blob.nuspec = Nuspecs\Azure.Storage.Blob.nuspec
		Nuspecs\Azure.Storage.Common.nuspec = Nuspecs\Azure.Storage.Common.nuspec
		Nuspecs\Azure.Storage.File.nuspec = Nuspecs\Azure.Storage.File.nuspec
		Nuspecs\Azure.Storage.Queue.nuspec = Nuspecs\Azure.Storage.Queue.nuspec
	EndProjectSection
EndProject
Project("{2150E333-8FDC-42A3-9474-1A3956D46DE8}") = "Docs", "Docs", "{5E6E197C-A44D-44ED-82AF-CA133D57A3FB}"
	ProjectSection(SolutionItems) = preProject
		LICENSE.txt = LICENSE.txt
		README.md = README.md
	EndProjectSection
EndProject
Project("{2150E333-8FDC-42A3-9474-1A3956D46DE8}") = "Common", "Common", "{14F41B11-0A2E-438B-BBA1-E3E7775B52FC}"
	ProjectSection(SolutionItems) = preProject
		Common\BreakingChanges.txt = Common\BreakingChanges.txt
		Common\changelog.txt = Common\changelog.txt
		Common\README.md = Common\README.md
	EndProjectSection
EndProject
Project("{2150E333-8FDC-42A3-9474-1A3956D46DE8}") = "Blob", "Blob", "{E85FA5DA-3B87-4F32-8A90-D8A57C6A20C9}"
	ProjectSection(SolutionItems) = preProject
		Blob\BreakingChanges.txt = Blob\BreakingChanges.txt
		Blob\Changelog.txt = Blob\Changelog.txt
		Blob\README.md = Blob\README.md
	EndProjectSection
EndProject
Project("{2150E333-8FDC-42A3-9474-1A3956D46DE8}") = "File", "File", "{83980890-61A8-4040-BA61-0D03BC975B4D}"
	ProjectSection(SolutionItems) = preProject
		File\BreakingChanges.txt = File\BreakingChanges.txt
		File\Changelog.txt = File\Changelog.txt
		File\README.md = File\README.md
	EndProjectSection
EndProject
Project("{2150E333-8FDC-42A3-9474-1A3956D46DE8}") = "Queue", "Queue", "{8A78FDE7-109F-4D50-802C-47634A7AEC54}"
	ProjectSection(SolutionItems) = preProject
		Queue\BreakingChanges.txt = Queue\BreakingChanges.txt
		Queue\Changelog.txt = Queue\Changelog.txt
		Queue\README.md = Queue\README.md
	EndProjectSection
EndProject
Global
	GlobalSection(SharedMSBuildProjectFiles) = preSolution
		Lib\Common.Split\Shared\Blob.Shared\Microsoft.Azure.Storage.Common.Blob.projitems*{04928920-d800-41d5-808d-4ed254c9e4c1}*SharedItemsImports = 4
		Lib\Common.Split\Shared\Blob.Shared\Microsoft.Azure.Storage.Common.Blob.projitems*{0794a15f-79ae-4cbb-b08c-8259f20dfb18}*SharedItemsImports = 13
		Lib\Common.Split\Shared\File.Shared\Microsoft.Azure.Storage.Common.File.projitems*{4c3cbc1b-3f11-4324-8412-5b6202b1ba61}*SharedItemsImports = 4
		Lib\Common.Split\Shared\File.Shared\Microsoft.Azure.Storage.Common.File.projitems*{95dab5dd-4b2a-4f90-ab83-885b4c3b4a44}*SharedItemsImports = 13
		Lib\Common.Split\Shared\Queue.Shared\Microsoft.Azure.Storage.Common.Queue.projitems*{e7f33f50-9ef3-4f61-9287-087e8ac6b37b}*SharedItemsImports = 13
		Lib\Common.Split\Shared\Queue.Shared\Microsoft.Azure.Storage.Common.Queue.projitems*{ed51f78b-ec11-4052-a9ca-5a909c8ba3b7}*SharedItemsImports = 4
	EndGlobalSection
	GlobalSection(SolutionConfigurationPlatforms) = preSolution
		Debug|Any CPU = Debug|Any CPU
		Debug|ARM = Debug|ARM
		Debug|x64 = Debug|x64
		Debug|x86 = Debug|x86
		Official|Any CPU = Official|Any CPU
		Official|ARM = Official|ARM
		Official|x64 = Official|x64
		Official|x86 = Official|x86
		Release|Any CPU = Release|Any CPU
		Release|ARM = Release|ARM
		Release|x64 = Release|x64
		Release|x86 = Release|x86
	EndGlobalSection
	GlobalSection(ProjectConfigurationPlatforms) = postSolution
		{ED51F78B-EC11-4052-A9CA-5A909C8BA3B7}.Debug|Any CPU.ActiveCfg = Debug|Any CPU
		{ED51F78B-EC11-4052-A9CA-5A909C8BA3B7}.Debug|Any CPU.Build.0 = Debug|Any CPU
		{ED51F78B-EC11-4052-A9CA-5A909C8BA3B7}.Debug|ARM.ActiveCfg = Debug|Any CPU
		{ED51F78B-EC11-4052-A9CA-5A909C8BA3B7}.Debug|ARM.Build.0 = Debug|Any CPU
		{ED51F78B-EC11-4052-A9CA-5A909C8BA3B7}.Debug|x64.ActiveCfg = Debug|Any CPU
		{ED51F78B-EC11-4052-A9CA-5A909C8BA3B7}.Debug|x64.Build.0 = Debug|Any CPU
		{ED51F78B-EC11-4052-A9CA-5A909C8BA3B7}.Debug|x86.ActiveCfg = Debug|Any CPU
		{ED51F78B-EC11-4052-A9CA-5A909C8BA3B7}.Debug|x86.Build.0 = Debug|Any CPU
		{ED51F78B-EC11-4052-A9CA-5A909C8BA3B7}.Official|Any CPU.ActiveCfg = Release|Any CPU
		{ED51F78B-EC11-4052-A9CA-5A909C8BA3B7}.Official|Any CPU.Build.0 = Release|Any CPU
		{ED51F78B-EC11-4052-A9CA-5A909C8BA3B7}.Official|ARM.ActiveCfg = Release|Any CPU
		{ED51F78B-EC11-4052-A9CA-5A909C8BA3B7}.Official|ARM.Build.0 = Release|Any CPU
		{ED51F78B-EC11-4052-A9CA-5A909C8BA3B7}.Official|x64.ActiveCfg = Release|Any CPU
		{ED51F78B-EC11-4052-A9CA-5A909C8BA3B7}.Official|x64.Build.0 = Release|Any CPU
		{ED51F78B-EC11-4052-A9CA-5A909C8BA3B7}.Official|x86.ActiveCfg = Release|Any CPU
		{ED51F78B-EC11-4052-A9CA-5A909C8BA3B7}.Official|x86.Build.0 = Release|Any CPU
		{ED51F78B-EC11-4052-A9CA-5A909C8BA3B7}.Release|Any CPU.ActiveCfg = Release|Any CPU
		{ED51F78B-EC11-4052-A9CA-5A909C8BA3B7}.Release|Any CPU.Build.0 = Release|Any CPU
		{ED51F78B-EC11-4052-A9CA-5A909C8BA3B7}.Release|ARM.ActiveCfg = Release|Any CPU
		{ED51F78B-EC11-4052-A9CA-5A909C8BA3B7}.Release|ARM.Build.0 = Release|Any CPU
		{ED51F78B-EC11-4052-A9CA-5A909C8BA3B7}.Release|x64.ActiveCfg = Release|Any CPU
		{ED51F78B-EC11-4052-A9CA-5A909C8BA3B7}.Release|x64.Build.0 = Release|Any CPU
		{ED51F78B-EC11-4052-A9CA-5A909C8BA3B7}.Release|x86.ActiveCfg = Release|Any CPU
		{ED51F78B-EC11-4052-A9CA-5A909C8BA3B7}.Release|x86.Build.0 = Release|Any CPU
		{04928920-D800-41D5-808D-4ED254C9E4C1}.Debug|Any CPU.ActiveCfg = Debug|Any CPU
		{04928920-D800-41D5-808D-4ED254C9E4C1}.Debug|Any CPU.Build.0 = Debug|Any CPU
		{04928920-D800-41D5-808D-4ED254C9E4C1}.Debug|ARM.ActiveCfg = Debug|Any CPU
		{04928920-D800-41D5-808D-4ED254C9E4C1}.Debug|ARM.Build.0 = Debug|Any CPU
		{04928920-D800-41D5-808D-4ED254C9E4C1}.Debug|x64.ActiveCfg = Debug|Any CPU
		{04928920-D800-41D5-808D-4ED254C9E4C1}.Debug|x64.Build.0 = Debug|Any CPU
		{04928920-D800-41D5-808D-4ED254C9E4C1}.Debug|x86.ActiveCfg = Debug|Any CPU
		{04928920-D800-41D5-808D-4ED254C9E4C1}.Debug|x86.Build.0 = Debug|Any CPU
		{04928920-D800-41D5-808D-4ED254C9E4C1}.Official|Any CPU.ActiveCfg = Release|Any CPU
		{04928920-D800-41D5-808D-4ED254C9E4C1}.Official|Any CPU.Build.0 = Release|Any CPU
		{04928920-D800-41D5-808D-4ED254C9E4C1}.Official|ARM.ActiveCfg = Release|Any CPU
		{04928920-D800-41D5-808D-4ED254C9E4C1}.Official|ARM.Build.0 = Release|Any CPU
		{04928920-D800-41D5-808D-4ED254C9E4C1}.Official|x64.ActiveCfg = Release|Any CPU
		{04928920-D800-41D5-808D-4ED254C9E4C1}.Official|x64.Build.0 = Release|Any CPU
		{04928920-D800-41D5-808D-4ED254C9E4C1}.Official|x86.ActiveCfg = Release|Any CPU
		{04928920-D800-41D5-808D-4ED254C9E4C1}.Official|x86.Build.0 = Release|Any CPU
		{04928920-D800-41D5-808D-4ED254C9E4C1}.Release|Any CPU.ActiveCfg = Release|Any CPU
		{04928920-D800-41D5-808D-4ED254C9E4C1}.Release|Any CPU.Build.0 = Release|Any CPU
		{04928920-D800-41D5-808D-4ED254C9E4C1}.Release|ARM.ActiveCfg = Release|Any CPU
		{04928920-D800-41D5-808D-4ED254C9E4C1}.Release|ARM.Build.0 = Release|Any CPU
		{04928920-D800-41D5-808D-4ED254C9E4C1}.Release|x64.ActiveCfg = Release|Any CPU
		{04928920-D800-41D5-808D-4ED254C9E4C1}.Release|x64.Build.0 = Release|Any CPU
		{04928920-D800-41D5-808D-4ED254C9E4C1}.Release|x86.ActiveCfg = Release|Any CPU
		{04928920-D800-41D5-808D-4ED254C9E4C1}.Release|x86.Build.0 = Release|Any CPU
		{4C3CBC1B-3F11-4324-8412-5B6202B1BA61}.Debug|Any CPU.ActiveCfg = Debug|Any CPU
		{4C3CBC1B-3F11-4324-8412-5B6202B1BA61}.Debug|Any CPU.Build.0 = Debug|Any CPU
		{4C3CBC1B-3F11-4324-8412-5B6202B1BA61}.Debug|ARM.ActiveCfg = Debug|Any CPU
		{4C3CBC1B-3F11-4324-8412-5B6202B1BA61}.Debug|ARM.Build.0 = Debug|Any CPU
		{4C3CBC1B-3F11-4324-8412-5B6202B1BA61}.Debug|x64.ActiveCfg = Debug|Any CPU
		{4C3CBC1B-3F11-4324-8412-5B6202B1BA61}.Debug|x64.Build.0 = Debug|Any CPU
		{4C3CBC1B-3F11-4324-8412-5B6202B1BA61}.Debug|x86.ActiveCfg = Debug|Any CPU
		{4C3CBC1B-3F11-4324-8412-5B6202B1BA61}.Debug|x86.Build.0 = Debug|Any CPU
		{4C3CBC1B-3F11-4324-8412-5B6202B1BA61}.Official|Any CPU.ActiveCfg = Release|Any CPU
		{4C3CBC1B-3F11-4324-8412-5B6202B1BA61}.Official|Any CPU.Build.0 = Release|Any CPU
		{4C3CBC1B-3F11-4324-8412-5B6202B1BA61}.Official|ARM.ActiveCfg = Release|Any CPU
		{4C3CBC1B-3F11-4324-8412-5B6202B1BA61}.Official|ARM.Build.0 = Release|Any CPU
		{4C3CBC1B-3F11-4324-8412-5B6202B1BA61}.Official|x64.ActiveCfg = Release|Any CPU
		{4C3CBC1B-3F11-4324-8412-5B6202B1BA61}.Official|x64.Build.0 = Release|Any CPU
		{4C3CBC1B-3F11-4324-8412-5B6202B1BA61}.Official|x86.ActiveCfg = Release|Any CPU
		{4C3CBC1B-3F11-4324-8412-5B6202B1BA61}.Official|x86.Build.0 = Release|Any CPU
		{4C3CBC1B-3F11-4324-8412-5B6202B1BA61}.Release|Any CPU.ActiveCfg = Release|Any CPU
		{4C3CBC1B-3F11-4324-8412-5B6202B1BA61}.Release|Any CPU.Build.0 = Release|Any CPU
		{4C3CBC1B-3F11-4324-8412-5B6202B1BA61}.Release|ARM.ActiveCfg = Release|Any CPU
		{4C3CBC1B-3F11-4324-8412-5B6202B1BA61}.Release|ARM.Build.0 = Release|Any CPU
		{4C3CBC1B-3F11-4324-8412-5B6202B1BA61}.Release|x64.ActiveCfg = Release|Any CPU
		{4C3CBC1B-3F11-4324-8412-5B6202B1BA61}.Release|x64.Build.0 = Release|Any CPU
		{4C3CBC1B-3F11-4324-8412-5B6202B1BA61}.Release|x86.ActiveCfg = Release|Any CPU
		{4C3CBC1B-3F11-4324-8412-5B6202B1BA61}.Release|x86.Build.0 = Release|Any CPU
		{6EB781C5-6D91-48F0-8F79-EC1E4EDAAF7B}.Debug|Any CPU.ActiveCfg = Debug|Any CPU
		{6EB781C5-6D91-48F0-8F79-EC1E4EDAAF7B}.Debug|Any CPU.Build.0 = Debug|Any CPU
		{6EB781C5-6D91-48F0-8F79-EC1E4EDAAF7B}.Debug|ARM.ActiveCfg = Debug|Any CPU
		{6EB781C5-6D91-48F0-8F79-EC1E4EDAAF7B}.Debug|ARM.Build.0 = Debug|Any CPU
		{6EB781C5-6D91-48F0-8F79-EC1E4EDAAF7B}.Debug|x64.ActiveCfg = Debug|Any CPU
		{6EB781C5-6D91-48F0-8F79-EC1E4EDAAF7B}.Debug|x64.Build.0 = Debug|Any CPU
		{6EB781C5-6D91-48F0-8F79-EC1E4EDAAF7B}.Debug|x86.ActiveCfg = Debug|Any CPU
		{6EB781C5-6D91-48F0-8F79-EC1E4EDAAF7B}.Debug|x86.Build.0 = Debug|Any CPU
		{6EB781C5-6D91-48F0-8F79-EC1E4EDAAF7B}.Official|Any CPU.ActiveCfg = Official|Any CPU
		{6EB781C5-6D91-48F0-8F79-EC1E4EDAAF7B}.Official|ARM.ActiveCfg = Official|Any CPU
		{6EB781C5-6D91-48F0-8F79-EC1E4EDAAF7B}.Official|ARM.Build.0 = Official|Any CPU
		{6EB781C5-6D91-48F0-8F79-EC1E4EDAAF7B}.Official|x64.ActiveCfg = Official|Any CPU
		{6EB781C5-6D91-48F0-8F79-EC1E4EDAAF7B}.Official|x64.Build.0 = Official|Any CPU
		{6EB781C5-6D91-48F0-8F79-EC1E4EDAAF7B}.Official|x86.ActiveCfg = Official|Any CPU
		{6EB781C5-6D91-48F0-8F79-EC1E4EDAAF7B}.Official|x86.Build.0 = Official|Any CPU
		{6EB781C5-6D91-48F0-8F79-EC1E4EDAAF7B}.Release|Any CPU.ActiveCfg = Release|Any CPU
		{6EB781C5-6D91-48F0-8F79-EC1E4EDAAF7B}.Release|Any CPU.Build.0 = Release|Any CPU
		{6EB781C5-6D91-48F0-8F79-EC1E4EDAAF7B}.Release|ARM.ActiveCfg = Release|Any CPU
		{6EB781C5-6D91-48F0-8F79-EC1E4EDAAF7B}.Release|ARM.Build.0 = Release|Any CPU
		{6EB781C5-6D91-48F0-8F79-EC1E4EDAAF7B}.Release|x64.ActiveCfg = Release|Any CPU
		{6EB781C5-6D91-48F0-8F79-EC1E4EDAAF7B}.Release|x64.Build.0 = Release|Any CPU
		{6EB781C5-6D91-48F0-8F79-EC1E4EDAAF7B}.Release|x86.ActiveCfg = Release|Any CPU
		{6EB781C5-6D91-48F0-8F79-EC1E4EDAAF7B}.Release|x86.Build.0 = Release|Any CPU
		{CA607E8F-2906-4065-A1A9-4A3733F0CC31}.Debug|Any CPU.ActiveCfg = Debug|Any CPU
		{CA607E8F-2906-4065-A1A9-4A3733F0CC31}.Debug|Any CPU.Build.0 = Debug|Any CPU
		{CA607E8F-2906-4065-A1A9-4A3733F0CC31}.Debug|ARM.ActiveCfg = Debug|Any CPU
		{CA607E8F-2906-4065-A1A9-4A3733F0CC31}.Debug|ARM.Build.0 = Debug|Any CPU
		{CA607E8F-2906-4065-A1A9-4A3733F0CC31}.Debug|x64.ActiveCfg = Debug|Any CPU
		{CA607E8F-2906-4065-A1A9-4A3733F0CC31}.Debug|x64.Build.0 = Debug|Any CPU
		{CA607E8F-2906-4065-A1A9-4A3733F0CC31}.Debug|x86.ActiveCfg = Debug|Any CPU
		{CA607E8F-2906-4065-A1A9-4A3733F0CC31}.Debug|x86.Build.0 = Debug|Any CPU
		{CA607E8F-2906-4065-A1A9-4A3733F0CC31}.Official|Any CPU.ActiveCfg = Official|Any CPU
		{CA607E8F-2906-4065-A1A9-4A3733F0CC31}.Official|ARM.ActiveCfg = Official|Any CPU
		{CA607E8F-2906-4065-A1A9-4A3733F0CC31}.Official|ARM.Build.0 = Official|Any CPU
		{CA607E8F-2906-4065-A1A9-4A3733F0CC31}.Official|x64.ActiveCfg = Official|Any CPU
		{CA607E8F-2906-4065-A1A9-4A3733F0CC31}.Official|x64.Build.0 = Official|Any CPU
		{CA607E8F-2906-4065-A1A9-4A3733F0CC31}.Official|x86.ActiveCfg = Official|Any CPU
		{CA607E8F-2906-4065-A1A9-4A3733F0CC31}.Official|x86.Build.0 = Official|Any CPU
		{CA607E8F-2906-4065-A1A9-4A3733F0CC31}.Release|Any CPU.ActiveCfg = Release|Any CPU
		{CA607E8F-2906-4065-A1A9-4A3733F0CC31}.Release|Any CPU.Build.0 = Release|Any CPU
		{CA607E8F-2906-4065-A1A9-4A3733F0CC31}.Release|ARM.ActiveCfg = Release|Any CPU
		{CA607E8F-2906-4065-A1A9-4A3733F0CC31}.Release|ARM.Build.0 = Release|Any CPU
		{CA607E8F-2906-4065-A1A9-4A3733F0CC31}.Release|x64.ActiveCfg = Release|Any CPU
		{CA607E8F-2906-4065-A1A9-4A3733F0CC31}.Release|x64.Build.0 = Release|Any CPU
		{CA607E8F-2906-4065-A1A9-4A3733F0CC31}.Release|x86.ActiveCfg = Release|Any CPU
		{CA607E8F-2906-4065-A1A9-4A3733F0CC31}.Release|x86.Build.0 = Release|Any CPU
		{1E1FF9EF-05E0-4305-AFD1-AD0A20069B8B}.Debug|Any CPU.ActiveCfg = Debug|Any CPU
		{1E1FF9EF-05E0-4305-AFD1-AD0A20069B8B}.Debug|Any CPU.Build.0 = Debug|Any CPU
		{1E1FF9EF-05E0-4305-AFD1-AD0A20069B8B}.Debug|ARM.ActiveCfg = Debug|Any CPU
		{1E1FF9EF-05E0-4305-AFD1-AD0A20069B8B}.Debug|ARM.Build.0 = Debug|Any CPU
		{1E1FF9EF-05E0-4305-AFD1-AD0A20069B8B}.Debug|x64.ActiveCfg = Debug|Any CPU
		{1E1FF9EF-05E0-4305-AFD1-AD0A20069B8B}.Debug|x64.Build.0 = Debug|Any CPU
		{1E1FF9EF-05E0-4305-AFD1-AD0A20069B8B}.Debug|x86.ActiveCfg = Debug|Any CPU
		{1E1FF9EF-05E0-4305-AFD1-AD0A20069B8B}.Debug|x86.Build.0 = Debug|Any CPU
		{1E1FF9EF-05E0-4305-AFD1-AD0A20069B8B}.Official|Any CPU.ActiveCfg = Official|Any CPU
		{1E1FF9EF-05E0-4305-AFD1-AD0A20069B8B}.Official|ARM.ActiveCfg = Official|Any CPU
		{1E1FF9EF-05E0-4305-AFD1-AD0A20069B8B}.Official|ARM.Build.0 = Official|Any CPU
		{1E1FF9EF-05E0-4305-AFD1-AD0A20069B8B}.Official|x64.ActiveCfg = Official|Any CPU
		{1E1FF9EF-05E0-4305-AFD1-AD0A20069B8B}.Official|x64.Build.0 = Official|Any CPU
		{1E1FF9EF-05E0-4305-AFD1-AD0A20069B8B}.Official|x86.ActiveCfg = Official|Any CPU
		{1E1FF9EF-05E0-4305-AFD1-AD0A20069B8B}.Official|x86.Build.0 = Official|Any CPU
		{1E1FF9EF-05E0-4305-AFD1-AD0A20069B8B}.Release|Any CPU.ActiveCfg = Release|Any CPU
		{1E1FF9EF-05E0-4305-AFD1-AD0A20069B8B}.Release|Any CPU.Build.0 = Release|Any CPU
		{1E1FF9EF-05E0-4305-AFD1-AD0A20069B8B}.Release|ARM.ActiveCfg = Release|Any CPU
		{1E1FF9EF-05E0-4305-AFD1-AD0A20069B8B}.Release|ARM.Build.0 = Release|Any CPU
		{1E1FF9EF-05E0-4305-AFD1-AD0A20069B8B}.Release|x64.ActiveCfg = Release|Any CPU
		{1E1FF9EF-05E0-4305-AFD1-AD0A20069B8B}.Release|x64.Build.0 = Release|Any CPU
		{1E1FF9EF-05E0-4305-AFD1-AD0A20069B8B}.Release|x86.ActiveCfg = Release|Any CPU
		{1E1FF9EF-05E0-4305-AFD1-AD0A20069B8B}.Release|x86.Build.0 = Release|Any CPU
		{AA73796A-C515-4FE1-9DA0-DB95821D353C}.Debug|Any CPU.ActiveCfg = Debug|Any CPU
		{AA73796A-C515-4FE1-9DA0-DB95821D353C}.Debug|Any CPU.Build.0 = Debug|Any CPU
		{AA73796A-C515-4FE1-9DA0-DB95821D353C}.Debug|ARM.ActiveCfg = Debug|Any CPU
		{AA73796A-C515-4FE1-9DA0-DB95821D353C}.Debug|ARM.Build.0 = Debug|Any CPU
		{AA73796A-C515-4FE1-9DA0-DB95821D353C}.Debug|x64.ActiveCfg = Debug|Any CPU
		{AA73796A-C515-4FE1-9DA0-DB95821D353C}.Debug|x64.Build.0 = Debug|Any CPU
		{AA73796A-C515-4FE1-9DA0-DB95821D353C}.Debug|x86.ActiveCfg = Debug|Any CPU
		{AA73796A-C515-4FE1-9DA0-DB95821D353C}.Debug|x86.Build.0 = Debug|Any CPU
		{AA73796A-C515-4FE1-9DA0-DB95821D353C}.Official|Any CPU.ActiveCfg = Release|Any CPU
		{AA73796A-C515-4FE1-9DA0-DB95821D353C}.Official|Any CPU.Build.0 = Release|Any CPU
		{AA73796A-C515-4FE1-9DA0-DB95821D353C}.Official|ARM.ActiveCfg = Release|Any CPU
		{AA73796A-C515-4FE1-9DA0-DB95821D353C}.Official|ARM.Build.0 = Release|Any CPU
		{AA73796A-C515-4FE1-9DA0-DB95821D353C}.Official|x64.ActiveCfg = Release|Any CPU
		{AA73796A-C515-4FE1-9DA0-DB95821D353C}.Official|x64.Build.0 = Release|Any CPU
		{AA73796A-C515-4FE1-9DA0-DB95821D353C}.Official|x86.ActiveCfg = Release|Any CPU
		{AA73796A-C515-4FE1-9DA0-DB95821D353C}.Official|x86.Build.0 = Release|Any CPU
		{AA73796A-C515-4FE1-9DA0-DB95821D353C}.Release|Any CPU.ActiveCfg = Release|Any CPU
		{AA73796A-C515-4FE1-9DA0-DB95821D353C}.Release|Any CPU.Build.0 = Release|Any CPU
		{AA73796A-C515-4FE1-9DA0-DB95821D353C}.Release|ARM.ActiveCfg = Release|Any CPU
		{AA73796A-C515-4FE1-9DA0-DB95821D353C}.Release|ARM.Build.0 = Release|Any CPU
		{AA73796A-C515-4FE1-9DA0-DB95821D353C}.Release|x64.ActiveCfg = Release|Any CPU
		{AA73796A-C515-4FE1-9DA0-DB95821D353C}.Release|x64.Build.0 = Release|Any CPU
		{AA73796A-C515-4FE1-9DA0-DB95821D353C}.Release|x86.ActiveCfg = Release|Any CPU
		{AA73796A-C515-4FE1-9DA0-DB95821D353C}.Release|x86.Build.0 = Release|Any CPU
		{27D74FE0-4FD0-41A4-BE7E-298F9E84FEB8}.Debug|Any CPU.ActiveCfg = Debug|Any CPU
		{27D74FE0-4FD0-41A4-BE7E-298F9E84FEB8}.Debug|Any CPU.Build.0 = Debug|Any CPU
		{27D74FE0-4FD0-41A4-BE7E-298F9E84FEB8}.Debug|ARM.ActiveCfg = Debug|Any CPU
		{27D74FE0-4FD0-41A4-BE7E-298F9E84FEB8}.Debug|ARM.Build.0 = Debug|Any CPU
		{27D74FE0-4FD0-41A4-BE7E-298F9E84FEB8}.Debug|x64.ActiveCfg = Debug|Any CPU
		{27D74FE0-4FD0-41A4-BE7E-298F9E84FEB8}.Debug|x64.Build.0 = Debug|Any CPU
		{27D74FE0-4FD0-41A4-BE7E-298F9E84FEB8}.Debug|x86.ActiveCfg = Debug|Any CPU
		{27D74FE0-4FD0-41A4-BE7E-298F9E84FEB8}.Debug|x86.Build.0 = Debug|Any CPU
		{27D74FE0-4FD0-41A4-BE7E-298F9E84FEB8}.Official|Any CPU.ActiveCfg = Release|Any CPU
		{27D74FE0-4FD0-41A4-BE7E-298F9E84FEB8}.Official|Any CPU.Build.0 = Release|Any CPU
		{27D74FE0-4FD0-41A4-BE7E-298F9E84FEB8}.Official|ARM.ActiveCfg = Official|Any CPU
		{27D74FE0-4FD0-41A4-BE7E-298F9E84FEB8}.Official|ARM.Build.0 = Official|Any CPU
		{27D74FE0-4FD0-41A4-BE7E-298F9E84FEB8}.Official|x64.ActiveCfg = Official|Any CPU
		{27D74FE0-4FD0-41A4-BE7E-298F9E84FEB8}.Official|x64.Build.0 = Official|Any CPU
		{27D74FE0-4FD0-41A4-BE7E-298F9E84FEB8}.Official|x86.ActiveCfg = Official|Any CPU
		{27D74FE0-4FD0-41A4-BE7E-298F9E84FEB8}.Official|x86.Build.0 = Official|Any CPU
		{27D74FE0-4FD0-41A4-BE7E-298F9E84FEB8}.Release|Any CPU.ActiveCfg = Release|Any CPU
		{27D74FE0-4FD0-41A4-BE7E-298F9E84FEB8}.Release|Any CPU.Build.0 = Release|Any CPU
		{27D74FE0-4FD0-41A4-BE7E-298F9E84FEB8}.Release|ARM.ActiveCfg = Release|Any CPU
		{27D74FE0-4FD0-41A4-BE7E-298F9E84FEB8}.Release|ARM.Build.0 = Release|Any CPU
		{27D74FE0-4FD0-41A4-BE7E-298F9E84FEB8}.Release|x64.ActiveCfg = Release|Any CPU
		{27D74FE0-4FD0-41A4-BE7E-298F9E84FEB8}.Release|x64.Build.0 = Release|Any CPU
		{27D74FE0-4FD0-41A4-BE7E-298F9E84FEB8}.Release|x86.ActiveCfg = Release|Any CPU
		{27D74FE0-4FD0-41A4-BE7E-298F9E84FEB8}.Release|x86.Build.0 = Release|Any CPU
		{38FFA81A-B574-4BF8-9DEC-B76F5881EC3A}.Debug|Any CPU.ActiveCfg = Debug|Any CPU
		{38FFA81A-B574-4BF8-9DEC-B76F5881EC3A}.Debug|Any CPU.Build.0 = Debug|Any CPU
		{38FFA81A-B574-4BF8-9DEC-B76F5881EC3A}.Debug|ARM.ActiveCfg = Debug|Any CPU
		{38FFA81A-B574-4BF8-9DEC-B76F5881EC3A}.Debug|ARM.Build.0 = Debug|Any CPU
		{38FFA81A-B574-4BF8-9DEC-B76F5881EC3A}.Debug|x64.ActiveCfg = Debug|Any CPU
		{38FFA81A-B574-4BF8-9DEC-B76F5881EC3A}.Debug|x64.Build.0 = Debug|Any CPU
		{38FFA81A-B574-4BF8-9DEC-B76F5881EC3A}.Debug|x86.ActiveCfg = Debug|Any CPU
		{38FFA81A-B574-4BF8-9DEC-B76F5881EC3A}.Debug|x86.Build.0 = Debug|Any CPU
		{38FFA81A-B574-4BF8-9DEC-B76F5881EC3A}.Official|Any CPU.ActiveCfg = Release|Any CPU
		{38FFA81A-B574-4BF8-9DEC-B76F5881EC3A}.Official|Any CPU.Build.0 = Release|Any CPU
		{38FFA81A-B574-4BF8-9DEC-B76F5881EC3A}.Official|ARM.ActiveCfg = Official|Any CPU
		{38FFA81A-B574-4BF8-9DEC-B76F5881EC3A}.Official|ARM.Build.0 = Official|Any CPU
		{38FFA81A-B574-4BF8-9DEC-B76F5881EC3A}.Official|x64.ActiveCfg = Official|Any CPU
		{38FFA81A-B574-4BF8-9DEC-B76F5881EC3A}.Official|x64.Build.0 = Official|Any CPU
		{38FFA81A-B574-4BF8-9DEC-B76F5881EC3A}.Official|x86.ActiveCfg = Official|Any CPU
		{38FFA81A-B574-4BF8-9DEC-B76F5881EC3A}.Official|x86.Build.0 = Official|Any CPU
		{38FFA81A-B574-4BF8-9DEC-B76F5881EC3A}.Release|Any CPU.ActiveCfg = Release|Any CPU
		{38FFA81A-B574-4BF8-9DEC-B76F5881EC3A}.Release|Any CPU.Build.0 = Release|Any CPU
		{38FFA81A-B574-4BF8-9DEC-B76F5881EC3A}.Release|ARM.ActiveCfg = Release|Any CPU
		{38FFA81A-B574-4BF8-9DEC-B76F5881EC3A}.Release|ARM.Build.0 = Release|Any CPU
		{38FFA81A-B574-4BF8-9DEC-B76F5881EC3A}.Release|x64.ActiveCfg = Release|Any CPU
		{38FFA81A-B574-4BF8-9DEC-B76F5881EC3A}.Release|x64.Build.0 = Release|Any CPU
		{38FFA81A-B574-4BF8-9DEC-B76F5881EC3A}.Release|x86.ActiveCfg = Release|Any CPU
		{38FFA81A-B574-4BF8-9DEC-B76F5881EC3A}.Release|x86.Build.0 = Release|Any CPU
		{DB502C7F-C4B7-4074-84CF-59BB7DD5BBA2}.Debug|Any CPU.ActiveCfg = Debug|Any CPU
		{DB502C7F-C4B7-4074-84CF-59BB7DD5BBA2}.Debug|Any CPU.Build.0 = Debug|Any CPU
		{DB502C7F-C4B7-4074-84CF-59BB7DD5BBA2}.Debug|ARM.ActiveCfg = Debug|Any CPU
		{DB502C7F-C4B7-4074-84CF-59BB7DD5BBA2}.Debug|ARM.Build.0 = Debug|Any CPU
		{DB502C7F-C4B7-4074-84CF-59BB7DD5BBA2}.Debug|x64.ActiveCfg = Debug|Any CPU
		{DB502C7F-C4B7-4074-84CF-59BB7DD5BBA2}.Debug|x64.Build.0 = Debug|Any CPU
		{DB502C7F-C4B7-4074-84CF-59BB7DD5BBA2}.Debug|x86.ActiveCfg = Debug|Any CPU
		{DB502C7F-C4B7-4074-84CF-59BB7DD5BBA2}.Debug|x86.Build.0 = Debug|Any CPU
		{DB502C7F-C4B7-4074-84CF-59BB7DD5BBA2}.Official|Any CPU.ActiveCfg = Release|Any CPU
		{DB502C7F-C4B7-4074-84CF-59BB7DD5BBA2}.Official|Any CPU.Build.0 = Release|Any CPU
		{DB502C7F-C4B7-4074-84CF-59BB7DD5BBA2}.Official|ARM.ActiveCfg = Official|Any CPU
		{DB502C7F-C4B7-4074-84CF-59BB7DD5BBA2}.Official|ARM.Build.0 = Official|Any CPU
		{DB502C7F-C4B7-4074-84CF-59BB7DD5BBA2}.Official|x64.ActiveCfg = Official|Any CPU
		{DB502C7F-C4B7-4074-84CF-59BB7DD5BBA2}.Official|x64.Build.0 = Official|Any CPU
		{DB502C7F-C4B7-4074-84CF-59BB7DD5BBA2}.Official|x86.ActiveCfg = Official|Any CPU
		{DB502C7F-C4B7-4074-84CF-59BB7DD5BBA2}.Official|x86.Build.0 = Official|Any CPU
		{DB502C7F-C4B7-4074-84CF-59BB7DD5BBA2}.Release|Any CPU.ActiveCfg = Release|Any CPU
		{DB502C7F-C4B7-4074-84CF-59BB7DD5BBA2}.Release|Any CPU.Build.0 = Release|Any CPU
		{DB502C7F-C4B7-4074-84CF-59BB7DD5BBA2}.Release|ARM.ActiveCfg = Release|Any CPU
		{DB502C7F-C4B7-4074-84CF-59BB7DD5BBA2}.Release|ARM.Build.0 = Release|Any CPU
		{DB502C7F-C4B7-4074-84CF-59BB7DD5BBA2}.Release|x64.ActiveCfg = Release|Any CPU
		{DB502C7F-C4B7-4074-84CF-59BB7DD5BBA2}.Release|x64.Build.0 = Release|Any CPU
		{DB502C7F-C4B7-4074-84CF-59BB7DD5BBA2}.Release|x86.ActiveCfg = Release|Any CPU
		{DB502C7F-C4B7-4074-84CF-59BB7DD5BBA2}.Release|x86.Build.0 = Release|Any CPU
		{1FCC9C24-2834-4F21-A526-2F0ED09D7747}.Debug|Any CPU.ActiveCfg = Debug|Any CPU
		{1FCC9C24-2834-4F21-A526-2F0ED09D7747}.Debug|Any CPU.Build.0 = Debug|Any CPU
		{1FCC9C24-2834-4F21-A526-2F0ED09D7747}.Debug|ARM.ActiveCfg = Debug|Any CPU
		{1FCC9C24-2834-4F21-A526-2F0ED09D7747}.Debug|ARM.Build.0 = Debug|Any CPU
		{1FCC9C24-2834-4F21-A526-2F0ED09D7747}.Debug|x64.ActiveCfg = Debug|Any CPU
		{1FCC9C24-2834-4F21-A526-2F0ED09D7747}.Debug|x64.Build.0 = Debug|Any CPU
		{1FCC9C24-2834-4F21-A526-2F0ED09D7747}.Debug|x86.ActiveCfg = Debug|Any CPU
		{1FCC9C24-2834-4F21-A526-2F0ED09D7747}.Debug|x86.Build.0 = Debug|Any CPU
		{1FCC9C24-2834-4F21-A526-2F0ED09D7747}.Official|Any CPU.ActiveCfg = Release|Any CPU
		{1FCC9C24-2834-4F21-A526-2F0ED09D7747}.Official|Any CPU.Build.0 = Release|Any CPU
		{1FCC9C24-2834-4F21-A526-2F0ED09D7747}.Official|ARM.ActiveCfg = Official|Any CPU
		{1FCC9C24-2834-4F21-A526-2F0ED09D7747}.Official|ARM.Build.0 = Official|Any CPU
		{1FCC9C24-2834-4F21-A526-2F0ED09D7747}.Official|x64.ActiveCfg = Official|Any CPU
		{1FCC9C24-2834-4F21-A526-2F0ED09D7747}.Official|x64.Build.0 = Official|Any CPU
		{1FCC9C24-2834-4F21-A526-2F0ED09D7747}.Official|x86.ActiveCfg = Official|Any CPU
		{1FCC9C24-2834-4F21-A526-2F0ED09D7747}.Official|x86.Build.0 = Official|Any CPU
		{1FCC9C24-2834-4F21-A526-2F0ED09D7747}.Release|Any CPU.ActiveCfg = Release|Any CPU
		{1FCC9C24-2834-4F21-A526-2F0ED09D7747}.Release|Any CPU.Build.0 = Release|Any CPU
		{1FCC9C24-2834-4F21-A526-2F0ED09D7747}.Release|ARM.ActiveCfg = Release|Any CPU
		{1FCC9C24-2834-4F21-A526-2F0ED09D7747}.Release|ARM.Build.0 = Release|Any CPU
		{1FCC9C24-2834-4F21-A526-2F0ED09D7747}.Release|x64.ActiveCfg = Release|Any CPU
		{1FCC9C24-2834-4F21-A526-2F0ED09D7747}.Release|x64.Build.0 = Release|Any CPU
		{1FCC9C24-2834-4F21-A526-2F0ED09D7747}.Release|x86.ActiveCfg = Release|Any CPU
		{1FCC9C24-2834-4F21-A526-2F0ED09D7747}.Release|x86.Build.0 = Release|Any CPU
		{AE114020-80B5-4B2C-B7CC-60770BE7CDB0}.Debug|Any CPU.ActiveCfg = Debug|Any CPU
		{AE114020-80B5-4B2C-B7CC-60770BE7CDB0}.Debug|Any CPU.Build.0 = Debug|Any CPU
		{AE114020-80B5-4B2C-B7CC-60770BE7CDB0}.Debug|ARM.ActiveCfg = Debug|Any CPU
		{AE114020-80B5-4B2C-B7CC-60770BE7CDB0}.Debug|ARM.Build.0 = Debug|Any CPU
		{AE114020-80B5-4B2C-B7CC-60770BE7CDB0}.Debug|x64.ActiveCfg = Debug|Any CPU
		{AE114020-80B5-4B2C-B7CC-60770BE7CDB0}.Debug|x64.Build.0 = Debug|Any CPU
		{AE114020-80B5-4B2C-B7CC-60770BE7CDB0}.Debug|x86.ActiveCfg = Debug|Any CPU
		{AE114020-80B5-4B2C-B7CC-60770BE7CDB0}.Debug|x86.Build.0 = Debug|Any CPU
		{AE114020-80B5-4B2C-B7CC-60770BE7CDB0}.Official|Any CPU.ActiveCfg = Release|Any CPU
		{AE114020-80B5-4B2C-B7CC-60770BE7CDB0}.Official|Any CPU.Build.0 = Release|Any CPU
		{AE114020-80B5-4B2C-B7CC-60770BE7CDB0}.Official|ARM.ActiveCfg = Official|Any CPU
		{AE114020-80B5-4B2C-B7CC-60770BE7CDB0}.Official|ARM.Build.0 = Official|Any CPU
		{AE114020-80B5-4B2C-B7CC-60770BE7CDB0}.Official|x64.ActiveCfg = Official|Any CPU
		{AE114020-80B5-4B2C-B7CC-60770BE7CDB0}.Official|x64.Build.0 = Official|Any CPU
		{AE114020-80B5-4B2C-B7CC-60770BE7CDB0}.Official|x86.ActiveCfg = Official|Any CPU
		{AE114020-80B5-4B2C-B7CC-60770BE7CDB0}.Official|x86.Build.0 = Official|Any CPU
		{AE114020-80B5-4B2C-B7CC-60770BE7CDB0}.Release|Any CPU.ActiveCfg = Release|Any CPU
		{AE114020-80B5-4B2C-B7CC-60770BE7CDB0}.Release|Any CPU.Build.0 = Release|Any CPU
		{AE114020-80B5-4B2C-B7CC-60770BE7CDB0}.Release|ARM.ActiveCfg = Release|Any CPU
		{AE114020-80B5-4B2C-B7CC-60770BE7CDB0}.Release|ARM.Build.0 = Release|Any CPU
		{AE114020-80B5-4B2C-B7CC-60770BE7CDB0}.Release|x64.ActiveCfg = Release|Any CPU
		{AE114020-80B5-4B2C-B7CC-60770BE7CDB0}.Release|x64.Build.0 = Release|Any CPU
		{AE114020-80B5-4B2C-B7CC-60770BE7CDB0}.Release|x86.ActiveCfg = Release|Any CPU
		{AE114020-80B5-4B2C-B7CC-60770BE7CDB0}.Release|x86.Build.0 = Release|Any CPU
		{1F0B7D79-38AF-44FC-85B7-69CEF5D8C9D4}.Debug|Any CPU.ActiveCfg = Debug|Any CPU
		{1F0B7D79-38AF-44FC-85B7-69CEF5D8C9D4}.Debug|Any CPU.Build.0 = Debug|Any CPU
		{1F0B7D79-38AF-44FC-85B7-69CEF5D8C9D4}.Debug|ARM.ActiveCfg = Debug|Any CPU
		{1F0B7D79-38AF-44FC-85B7-69CEF5D8C9D4}.Debug|ARM.Build.0 = Debug|Any CPU
		{1F0B7D79-38AF-44FC-85B7-69CEF5D8C9D4}.Debug|x64.ActiveCfg = Debug|Any CPU
		{1F0B7D79-38AF-44FC-85B7-69CEF5D8C9D4}.Debug|x64.Build.0 = Debug|Any CPU
		{1F0B7D79-38AF-44FC-85B7-69CEF5D8C9D4}.Debug|x86.ActiveCfg = Debug|Any CPU
		{1F0B7D79-38AF-44FC-85B7-69CEF5D8C9D4}.Debug|x86.Build.0 = Debug|Any CPU
		{1F0B7D79-38AF-44FC-85B7-69CEF5D8C9D4}.Official|Any CPU.ActiveCfg = Release|Any CPU
		{1F0B7D79-38AF-44FC-85B7-69CEF5D8C9D4}.Official|Any CPU.Build.0 = Release|Any CPU
		{1F0B7D79-38AF-44FC-85B7-69CEF5D8C9D4}.Official|ARM.ActiveCfg = Official|Any CPU
		{1F0B7D79-38AF-44FC-85B7-69CEF5D8C9D4}.Official|ARM.Build.0 = Official|Any CPU
		{1F0B7D79-38AF-44FC-85B7-69CEF5D8C9D4}.Official|x64.ActiveCfg = Official|Any CPU
		{1F0B7D79-38AF-44FC-85B7-69CEF5D8C9D4}.Official|x64.Build.0 = Official|Any CPU
		{1F0B7D79-38AF-44FC-85B7-69CEF5D8C9D4}.Official|x86.ActiveCfg = Official|Any CPU
		{1F0B7D79-38AF-44FC-85B7-69CEF5D8C9D4}.Official|x86.Build.0 = Official|Any CPU
		{1F0B7D79-38AF-44FC-85B7-69CEF5D8C9D4}.Release|Any CPU.ActiveCfg = Release|Any CPU
		{1F0B7D79-38AF-44FC-85B7-69CEF5D8C9D4}.Release|Any CPU.Build.0 = Release|Any CPU
		{1F0B7D79-38AF-44FC-85B7-69CEF5D8C9D4}.Release|ARM.ActiveCfg = Release|Any CPU
		{1F0B7D79-38AF-44FC-85B7-69CEF5D8C9D4}.Release|ARM.Build.0 = Release|Any CPU
		{1F0B7D79-38AF-44FC-85B7-69CEF5D8C9D4}.Release|x64.ActiveCfg = Release|Any CPU
		{1F0B7D79-38AF-44FC-85B7-69CEF5D8C9D4}.Release|x64.Build.0 = Release|Any CPU
		{1F0B7D79-38AF-44FC-85B7-69CEF5D8C9D4}.Release|x86.ActiveCfg = Release|Any CPU
		{1F0B7D79-38AF-44FC-85B7-69CEF5D8C9D4}.Release|x86.Build.0 = Release|Any CPU
		{BEBF9E2B-D401-4FAB-989D-A21C79E8F797}.Debug|Any CPU.ActiveCfg = Debug|Any CPU
		{BEBF9E2B-D401-4FAB-989D-A21C79E8F797}.Debug|Any CPU.Build.0 = Debug|Any CPU
		{BEBF9E2B-D401-4FAB-989D-A21C79E8F797}.Debug|ARM.ActiveCfg = Debug|Any CPU
		{BEBF9E2B-D401-4FAB-989D-A21C79E8F797}.Debug|ARM.Build.0 = Debug|Any CPU
		{BEBF9E2B-D401-4FAB-989D-A21C79E8F797}.Debug|x64.ActiveCfg = Debug|Any CPU
		{BEBF9E2B-D401-4FAB-989D-A21C79E8F797}.Debug|x64.Build.0 = Debug|Any CPU
		{BEBF9E2B-D401-4FAB-989D-A21C79E8F797}.Debug|x86.ActiveCfg = Debug|Any CPU
		{BEBF9E2B-D401-4FAB-989D-A21C79E8F797}.Debug|x86.Build.0 = Debug|Any CPU
		{BEBF9E2B-D401-4FAB-989D-A21C79E8F797}.Official|Any CPU.ActiveCfg = Release|Any CPU
		{BEBF9E2B-D401-4FAB-989D-A21C79E8F797}.Official|Any CPU.Build.0 = Release|Any CPU
		{BEBF9E2B-D401-4FAB-989D-A21C79E8F797}.Official|ARM.ActiveCfg = Official|Any CPU
		{BEBF9E2B-D401-4FAB-989D-A21C79E8F797}.Official|ARM.Build.0 = Official|Any CPU
		{BEBF9E2B-D401-4FAB-989D-A21C79E8F797}.Official|x64.ActiveCfg = Official|Any CPU
		{BEBF9E2B-D401-4FAB-989D-A21C79E8F797}.Official|x64.Build.0 = Official|Any CPU
		{BEBF9E2B-D401-4FAB-989D-A21C79E8F797}.Official|x86.ActiveCfg = Official|Any CPU
		{BEBF9E2B-D401-4FAB-989D-A21C79E8F797}.Official|x86.Build.0 = Official|Any CPU
		{BEBF9E2B-D401-4FAB-989D-A21C79E8F797}.Release|Any CPU.ActiveCfg = Release|Any CPU
		{BEBF9E2B-D401-4FAB-989D-A21C79E8F797}.Release|Any CPU.Build.0 = Release|Any CPU
		{BEBF9E2B-D401-4FAB-989D-A21C79E8F797}.Release|ARM.ActiveCfg = Release|Any CPU
		{BEBF9E2B-D401-4FAB-989D-A21C79E8F797}.Release|ARM.Build.0 = Release|Any CPU
		{BEBF9E2B-D401-4FAB-989D-A21C79E8F797}.Release|x64.ActiveCfg = Release|Any CPU
		{BEBF9E2B-D401-4FAB-989D-A21C79E8F797}.Release|x64.Build.0 = Release|Any CPU
		{BEBF9E2B-D401-4FAB-989D-A21C79E8F797}.Release|x86.ActiveCfg = Release|Any CPU
		{BEBF9E2B-D401-4FAB-989D-A21C79E8F797}.Release|x86.Build.0 = Release|Any CPU
		{155B87EF-5F70-44AF-90BF-CF5859EE7B0E}.Debug|Any CPU.ActiveCfg = Debug|Any CPU
		{155B87EF-5F70-44AF-90BF-CF5859EE7B0E}.Debug|Any CPU.Build.0 = Debug|Any CPU
		{155B87EF-5F70-44AF-90BF-CF5859EE7B0E}.Debug|ARM.ActiveCfg = Debug|Any CPU
		{155B87EF-5F70-44AF-90BF-CF5859EE7B0E}.Debug|ARM.Build.0 = Debug|Any CPU
		{155B87EF-5F70-44AF-90BF-CF5859EE7B0E}.Debug|x64.ActiveCfg = Debug|Any CPU
		{155B87EF-5F70-44AF-90BF-CF5859EE7B0E}.Debug|x64.Build.0 = Debug|Any CPU
		{155B87EF-5F70-44AF-90BF-CF5859EE7B0E}.Debug|x86.ActiveCfg = Debug|Any CPU
		{155B87EF-5F70-44AF-90BF-CF5859EE7B0E}.Debug|x86.Build.0 = Debug|Any CPU
		{155B87EF-5F70-44AF-90BF-CF5859EE7B0E}.Official|Any CPU.ActiveCfg = Release|Any CPU
		{155B87EF-5F70-44AF-90BF-CF5859EE7B0E}.Official|Any CPU.Build.0 = Release|Any CPU
		{155B87EF-5F70-44AF-90BF-CF5859EE7B0E}.Official|ARM.ActiveCfg = Official|Any CPU
		{155B87EF-5F70-44AF-90BF-CF5859EE7B0E}.Official|ARM.Build.0 = Official|Any CPU
		{155B87EF-5F70-44AF-90BF-CF5859EE7B0E}.Official|x64.ActiveCfg = Official|Any CPU
		{155B87EF-5F70-44AF-90BF-CF5859EE7B0E}.Official|x64.Build.0 = Official|Any CPU
		{155B87EF-5F70-44AF-90BF-CF5859EE7B0E}.Official|x86.ActiveCfg = Official|Any CPU
		{155B87EF-5F70-44AF-90BF-CF5859EE7B0E}.Official|x86.Build.0 = Official|Any CPU
		{155B87EF-5F70-44AF-90BF-CF5859EE7B0E}.Release|Any CPU.ActiveCfg = Release|Any CPU
		{155B87EF-5F70-44AF-90BF-CF5859EE7B0E}.Release|Any CPU.Build.0 = Release|Any CPU
		{155B87EF-5F70-44AF-90BF-CF5859EE7B0E}.Release|ARM.ActiveCfg = Release|Any CPU
		{155B87EF-5F70-44AF-90BF-CF5859EE7B0E}.Release|ARM.Build.0 = Release|Any CPU
		{155B87EF-5F70-44AF-90BF-CF5859EE7B0E}.Release|x64.ActiveCfg = Release|Any CPU
		{155B87EF-5F70-44AF-90BF-CF5859EE7B0E}.Release|x64.Build.0 = Release|Any CPU
		{155B87EF-5F70-44AF-90BF-CF5859EE7B0E}.Release|x86.ActiveCfg = Release|Any CPU
		{155B87EF-5F70-44AF-90BF-CF5859EE7B0E}.Release|x86.Build.0 = Release|Any CPU
		{3A5E1D1F-FDEF-4CA4-8D10-3616D7CDFC92}.Debug|Any CPU.ActiveCfg = Debug|Any CPU
		{3A5E1D1F-FDEF-4CA4-8D10-3616D7CDFC92}.Debug|Any CPU.Build.0 = Debug|Any CPU
		{3A5E1D1F-FDEF-4CA4-8D10-3616D7CDFC92}.Debug|ARM.ActiveCfg = Debug|Any CPU
		{3A5E1D1F-FDEF-4CA4-8D10-3616D7CDFC92}.Debug|ARM.Build.0 = Debug|Any CPU
		{3A5E1D1F-FDEF-4CA4-8D10-3616D7CDFC92}.Debug|x64.ActiveCfg = Debug|Any CPU
		{3A5E1D1F-FDEF-4CA4-8D10-3616D7CDFC92}.Debug|x64.Build.0 = Debug|Any CPU
		{3A5E1D1F-FDEF-4CA4-8D10-3616D7CDFC92}.Debug|x86.ActiveCfg = Debug|Any CPU
		{3A5E1D1F-FDEF-4CA4-8D10-3616D7CDFC92}.Debug|x86.Build.0 = Debug|Any CPU
		{3A5E1D1F-FDEF-4CA4-8D10-3616D7CDFC92}.Official|Any CPU.ActiveCfg = Official|Any CPU
		{3A5E1D1F-FDEF-4CA4-8D10-3616D7CDFC92}.Official|ARM.ActiveCfg = Official|Any CPU
		{3A5E1D1F-FDEF-4CA4-8D10-3616D7CDFC92}.Official|ARM.Build.0 = Official|Any CPU
		{3A5E1D1F-FDEF-4CA4-8D10-3616D7CDFC92}.Official|x64.ActiveCfg = Official|Any CPU
		{3A5E1D1F-FDEF-4CA4-8D10-3616D7CDFC92}.Official|x64.Build.0 = Official|Any CPU
		{3A5E1D1F-FDEF-4CA4-8D10-3616D7CDFC92}.Official|x86.ActiveCfg = Official|Any CPU
		{3A5E1D1F-FDEF-4CA4-8D10-3616D7CDFC92}.Official|x86.Build.0 = Official|Any CPU
		{3A5E1D1F-FDEF-4CA4-8D10-3616D7CDFC92}.Release|Any CPU.ActiveCfg = Release|Any CPU
		{3A5E1D1F-FDEF-4CA4-8D10-3616D7CDFC92}.Release|Any CPU.Build.0 = Release|Any CPU
		{3A5E1D1F-FDEF-4CA4-8D10-3616D7CDFC92}.Release|ARM.ActiveCfg = Release|Any CPU
		{3A5E1D1F-FDEF-4CA4-8D10-3616D7CDFC92}.Release|ARM.Build.0 = Release|Any CPU
		{3A5E1D1F-FDEF-4CA4-8D10-3616D7CDFC92}.Release|x64.ActiveCfg = Release|Any CPU
		{3A5E1D1F-FDEF-4CA4-8D10-3616D7CDFC92}.Release|x64.Build.0 = Release|Any CPU
		{3A5E1D1F-FDEF-4CA4-8D10-3616D7CDFC92}.Release|x86.ActiveCfg = Release|Any CPU
		{3A5E1D1F-FDEF-4CA4-8D10-3616D7CDFC92}.Release|x86.Build.0 = Release|Any CPU
		{787E389F-FBA3-4C60-998F-29FD8595A318}.Debug|Any CPU.ActiveCfg = Debug|Any CPU
		{787E389F-FBA3-4C60-998F-29FD8595A318}.Debug|Any CPU.Build.0 = Debug|Any CPU
		{787E389F-FBA3-4C60-998F-29FD8595A318}.Debug|ARM.ActiveCfg = Debug|Any CPU
		{787E389F-FBA3-4C60-998F-29FD8595A318}.Debug|ARM.Build.0 = Debug|Any CPU
		{787E389F-FBA3-4C60-998F-29FD8595A318}.Debug|x64.ActiveCfg = Debug|Any CPU
		{787E389F-FBA3-4C60-998F-29FD8595A318}.Debug|x64.Build.0 = Debug|Any CPU
		{787E389F-FBA3-4C60-998F-29FD8595A318}.Debug|x86.ActiveCfg = Debug|Any CPU
		{787E389F-FBA3-4C60-998F-29FD8595A318}.Debug|x86.Build.0 = Debug|Any CPU
		{787E389F-FBA3-4C60-998F-29FD8595A318}.Official|Any CPU.ActiveCfg = Official|Any CPU
		{787E389F-FBA3-4C60-998F-29FD8595A318}.Official|ARM.ActiveCfg = Official|Any CPU
		{787E389F-FBA3-4C60-998F-29FD8595A318}.Official|ARM.Build.0 = Official|Any CPU
		{787E389F-FBA3-4C60-998F-29FD8595A318}.Official|x64.ActiveCfg = Official|Any CPU
		{787E389F-FBA3-4C60-998F-29FD8595A318}.Official|x64.Build.0 = Official|Any CPU
		{787E389F-FBA3-4C60-998F-29FD8595A318}.Official|x86.ActiveCfg = Official|Any CPU
		{787E389F-FBA3-4C60-998F-29FD8595A318}.Official|x86.Build.0 = Official|Any CPU
		{787E389F-FBA3-4C60-998F-29FD8595A318}.Release|Any CPU.ActiveCfg = Release|Any CPU
		{787E389F-FBA3-4C60-998F-29FD8595A318}.Release|Any CPU.Build.0 = Release|Any CPU
		{787E389F-FBA3-4C60-998F-29FD8595A318}.Release|ARM.ActiveCfg = Release|Any CPU
		{787E389F-FBA3-4C60-998F-29FD8595A318}.Release|ARM.Build.0 = Release|Any CPU
		{787E389F-FBA3-4C60-998F-29FD8595A318}.Release|x64.ActiveCfg = Release|Any CPU
		{787E389F-FBA3-4C60-998F-29FD8595A318}.Release|x64.Build.0 = Release|Any CPU
		{787E389F-FBA3-4C60-998F-29FD8595A318}.Release|x86.ActiveCfg = Release|Any CPU
		{787E389F-FBA3-4C60-998F-29FD8595A318}.Release|x86.Build.0 = Release|Any CPU
	EndGlobalSection
	GlobalSection(SolutionProperties) = preSolution
		HideSolutionNode = FALSE
	EndGlobalSection
	GlobalSection(NestedProjects) = preSolution
		{D09553F8-8DA4-407D-87CB-45D608DD8A1D} = {0F3C778A-0BBD-4318-A8EE-A7C015C309B2}
		{0794A15F-79AE-4CBB-B08C-8259F20DFB18} = {1F576192-167E-4BE2-8287-EDD185E8F390}
		{E7F33F50-9EF3-4F61-9287-087E8AC6B37B} = {1F576192-167E-4BE2-8287-EDD185E8F390}
		{1F576192-167E-4BE2-8287-EDD185E8F390} = {0F3C778A-0BBD-4318-A8EE-A7C015C309B2}
		{882CE84B-ED6C-43B8-8B0F-915ED61A4EBD} = {DFD3BE24-FF81-4B3F-9956-EA431C1D18A4}
		{95DAB5DD-4B2A-4F90-AB83-885B4C3B4A44} = {1F576192-167E-4BE2-8287-EDD185E8F390}
		{ED51F78B-EC11-4052-A9CA-5A909C8BA3B7} = {D09553F8-8DA4-407D-87CB-45D608DD8A1D}
		{04928920-D800-41D5-808D-4ED254C9E4C1} = {D09553F8-8DA4-407D-87CB-45D608DD8A1D}
		{4C3CBC1B-3F11-4324-8412-5B6202B1BA61} = {D09553F8-8DA4-407D-87CB-45D608DD8A1D}
		{8D751979-2F67-4B4A-9F31-40461495D40C} = {DFD3BE24-FF81-4B3F-9956-EA431C1D18A4}
		{6EB781C5-6D91-48F0-8F79-EC1E4EDAAF7B} = {8D751979-2F67-4B4A-9F31-40461495D40C}
		{CA607E8F-2906-4065-A1A9-4A3733F0CC31} = {8D751979-2F67-4B4A-9F31-40461495D40C}
		{1E1FF9EF-05E0-4305-AFD1-AD0A20069B8B} = {882CE84B-ED6C-43B8-8B0F-915ED61A4EBD}
		{AA73796A-C515-4FE1-9DA0-DB95821D353C} = {D09553F8-8DA4-407D-87CB-45D608DD8A1D}
		{27D74FE0-4FD0-41A4-BE7E-298F9E84FEB8} = {DE2D6EC7-C053-4AF3-9513-09631D39A74C}
		{38FFA81A-B574-4BF8-9DEC-B76F5881EC3A} = {7CC2E9E5-B70E-4788-A68E-26800B08100D}
		{7CC2E9E5-B70E-4788-A68E-26800B08100D} = {0F3C778A-0BBD-4318-A8EE-A7C015C309B2}
		{DE2D6EC7-C053-4AF3-9513-09631D39A74C} = {0F3C778A-0BBD-4318-A8EE-A7C015C309B2}
		{DB502C7F-C4B7-4074-84CF-59BB7DD5BBA2} = {7CC2E9E5-B70E-4788-A68E-26800B08100D}
		{1FCC9C24-2834-4F21-A526-2F0ED09D7747} = {7CC2E9E5-B70E-4788-A68E-26800B08100D}
		{AE114020-80B5-4B2C-B7CC-60770BE7CDB0} = {7CC2E9E5-B70E-4788-A68E-26800B08100D}
		{1F0B7D79-38AF-44FC-85B7-69CEF5D8C9D4} = {DE2D6EC7-C053-4AF3-9513-09631D39A74C}
		{BEBF9E2B-D401-4FAB-989D-A21C79E8F797} = {DE2D6EC7-C053-4AF3-9513-09631D39A74C}
		{155B87EF-5F70-44AF-90BF-CF5859EE7B0E} = {DE2D6EC7-C053-4AF3-9513-09631D39A74C}
		{5543901A-7128-412A-BD78-56FAE30BC685} = {DFD3BE24-FF81-4B3F-9956-EA431C1D18A4}
		{62DF9C7F-BF71-41A1-965F-F3C88141F67C} = {DFD3BE24-FF81-4B3F-9956-EA431C1D18A4}
		{3A5E1D1F-FDEF-4CA4-8D10-3616D7CDFC92} = {5543901A-7128-412A-BD78-56FAE30BC685}
		{787E389F-FBA3-4C60-998F-29FD8595A318} = {62DF9C7F-BF71-41A1-965F-F3C88141F67C}
		{14F41B11-0A2E-438B-BBA1-E3E7775B52FC} = {5E6E197C-A44D-44ED-82AF-CA133D57A3FB}
		{E85FA5DA-3B87-4F32-8A90-D8A57C6A20C9} = {5E6E197C-A44D-44ED-82AF-CA133D57A3FB}
		{83980890-61A8-4040-BA61-0D03BC975B4D} = {5E6E197C-A44D-44ED-82AF-CA133D57A3FB}
		{8A78FDE7-109F-4D50-802C-47634A7AEC54} = {5E6E197C-A44D-44ED-82AF-CA133D57A3FB}
	EndGlobalSection
	GlobalSection(ExtensibilityGlobals) = postSolution
		SolutionGuid = {FB8A256B-50B0-4858-99C9-C07A9F8DA180}
	EndGlobalSection
EndGlobal
