
Microsoft Visual Studio Solution File, Format Version 12.00
# Visual Studio 2013
VisualStudioVersion = 12.0.31101.0
MinimumVisualStudioVersion = 10.0.40219.1
Project("{2150E333-8FDC-42A3-9474-1A3956D46DE8}") = "Lib", "Lib", "{CE1EB2B6-0DA8-43D4-A2E1-001804697009}"
	ProjectSection(SolutionItems) = preProject
		BreakingChanges.txt = BreakingChanges.txt
		changelog.txt = changelog.txt
		CONTRIBUTING.md = CONTRIBUTING.md
		README.md = README.md
		Lib\WindowsDesktop\WindowsAzure.Storage.nuspec = Lib\WindowsDesktop\WindowsAzure.Storage.nuspec
	EndProjectSection
EndProject
Project("{FAE04EC0-301F-11D3-BF4B-00C04F79EFBC}") = "Microsoft.WindowsAzure.Storage", "Lib\WindowsDesktop\Microsoft.WindowsAzure.Storage.csproj", "{C6787633-B26A-4913-A762-4C0FFCEB6FE3}"
EndProject
Project("{FAE04EC0-301F-11D3-BF4B-00C04F79EFBC}") = "Microsoft.WindowsAzure.Storage", "Lib\WindowsRuntime\Microsoft.WindowsAzure.Storage.csproj", "{42CB7861-70BB-4F34-A815-4355E6EA2589}"
EndProject
Project("{2150E333-8FDC-42A3-9474-1A3956D46DE8}") = "Test", "Test", "{CD7D43DF-B62D-40B1-927C-AEE326941FEA}"
EndProject
Project("{2150E333-8FDC-42A3-9474-1A3956D46DE8}") = "FaultInjection", "FaultInjection", "{437E79C3-9AD3-499D-92A4-75DCE81A8833}"
EndProject
Project("{FAE04EC0-301F-11D3-BF4B-00C04F79EFBC}") = "HttpMangler", "Test\FaultInjection\HttpMangler\HttpMangler.csproj", "{CA607E8F-2906-4065-A1A9-4A3733F0CC31}"
EndProject
Project("{FAE04EC0-301F-11D3-BF4B-00C04F79EFBC}") = "AzureStorageMangler", "Test\FaultInjection\AzureStorageMangler\AzureStorageMangler.csproj", "{6EB781C5-6D91-48F0-8F79-EC1E4EDAAF7B}"
EndProject
Project("{FAE04EC0-301F-11D3-BF4B-00C04F79EFBC}") = "Microsoft.WindowsAzure.Storage.Test", "Test\WindowsDesktop\Microsoft.WindowsAzure.Storage.Test.csproj", "{1E1FF9EF-05E0-4305-AFD1-AD0A20069B8B}"
EndProject
Project("{FAE04EC0-301F-11D3-BF4B-00C04F79EFBC}") = "Microsoft.WindowsAzure.StorageRT.Test", "Test\WindowsRuntime\Microsoft.WindowsAzure.StorageRT.Test.csproj", "{B0A800BB-D01B-42C0-8FBC-FA868C29C8B7}"
EndProject
Project("{FAE04EC0-301F-11D3-BF4B-00C04F79EFBC}") = "Microsoft.WindowsAzure.Storage", "Lib\WindowsPhone\Microsoft.WindowsAzure.Storage.csproj", "{CF1D432A-380F-434A-BC43-FC39AC8B61A8}"
EndProject
Project("{FAE04EC0-301F-11D3-BF4B-00C04F79EFBC}") = "Microsoft.WindowsAzure.Storage.Test", "Test\WindowsPhone\Microsoft.WindowsAzure.Storage.Test.csproj", "{9456513A-1DDD-44E8-9FF0-985317F29A50}"
EndProject
Project("{2150E333-8FDC-42A3-9474-1A3956D46DE8}") = "WindowsDesktop", "WindowsDesktop", "{5F685EAE-1061-4433-A294-CB971EAE70A1}"
EndProject
Project("{2150E333-8FDC-42A3-9474-1A3956D46DE8}") = "WindowsRuntime", "WindowsRuntime", "{98BAD4CC-AB18-43FF-9778-C226262B2188}"
EndProject
Project("{2150E333-8FDC-42A3-9474-1A3956D46DE8}") = "WindowsPhone", "WindowsPhone", "{A9DE5778-CF31-4C30-B523-A2607118CD5A}"
EndProject
Project("{2150E333-8FDC-42A3-9474-1A3956D46DE8}") = "WindowsDesktop", "WindowsDesktop", "{15255C39-9498-48E9-896E-C25C6B56DE6A}"
EndProject
Project("{2150E333-8FDC-42A3-9474-1A3956D46DE8}") = "WindowsPhone", "WindowsPhone", "{05A53D9E-8EBD-4F36-8D10-EA070FC3AB8C}"
EndProject
Project("{2150E333-8FDC-42A3-9474-1A3956D46DE8}") = "WindowsRuntime", "WindowsRuntime", "{860430A0-3485-4EC2-A7ED-DFEFF1B62F6E}"
EndProject
Project("{FAE04EC0-301F-11D3-BF4B-00C04F79EFBC}") = "Microsoft.WindowsAzure.StoragePhone81.Test", "Test\WindowsPhone81\Microsoft.WindowsAzure.StoragePhone81.Test.csproj", "{5AD650DA-6FCE-413F-B5E5-D6D436359853}"
EndProject
Project("{2150E333-8FDC-42A3-9474-1A3956D46DE8}") = "WindowsPhoneRuntime", "WindowsPhoneRuntime", "{28E2E0D3-7EA3-4A92-BF2C-02D021D09F51}"
EndProject
Project("{FAE04EC0-301F-11D3-BF4B-00C04F79EFBC}") = "Microsoft.WindowsAzure.Storage", "Lib\WindowsPhoneRT\Microsoft.WindowsAzure.Storage.csproj", "{008D78B8-5C78-4BD7-9779-D2A6B2D35091}"
EndProject
Project("{FAE04EC0-301F-11D3-BF4B-00C04F79EFBC}") = "Microsoft.WindowsAzure.Storage.PhoneRT.Test", "Test\WindowsPhoneRT.Test\Microsoft.WindowsAzure.Storage.PhoneRT.Test.csproj", "{F870054B-A7C4-4DC9-97EB-4741A4AD3C01}"
EndProject
Global
	GlobalSection(SolutionConfigurationPlatforms) = preSolution
		Debug|Any CPU = Debug|Any CPU
		Debug|ARM = Debug|ARM
		Debug|Mixed Platforms = Debug|Mixed Platforms
		Debug|x64 = Debug|x64
		Debug|x86 = Debug|x86
		Release|Any CPU = Release|Any CPU
		Release|ARM = Release|ARM
		Release|Mixed Platforms = Release|Mixed Platforms
		Release|x64 = Release|x64
		Release|x86 = Release|x86
	EndGlobalSection
	GlobalSection(ProjectConfigurationPlatforms) = postSolution
		{C6787633-B26A-4913-A762-4C0FFCEB6FE3}.Debug|Any CPU.ActiveCfg = Debug|Any CPU
		{C6787633-B26A-4913-A762-4C0FFCEB6FE3}.Debug|Any CPU.Build.0 = Debug|Any CPU
		{C6787633-B26A-4913-A762-4C0FFCEB6FE3}.Debug|ARM.ActiveCfg = Debug|Any CPU
		{C6787633-B26A-4913-A762-4C0FFCEB6FE3}.Debug|Mixed Platforms.ActiveCfg = Debug|Any CPU
		{C6787633-B26A-4913-A762-4C0FFCEB6FE3}.Debug|Mixed Platforms.Build.0 = Debug|Any CPU
		{C6787633-B26A-4913-A762-4C0FFCEB6FE3}.Debug|x64.ActiveCfg = Debug|Any CPU
		{C6787633-B26A-4913-A762-4C0FFCEB6FE3}.Debug|x86.ActiveCfg = Debug|Any CPU
		{C6787633-B26A-4913-A762-4C0FFCEB6FE3}.Release|Any CPU.ActiveCfg = Release|Any CPU
		{C6787633-B26A-4913-A762-4C0FFCEB6FE3}.Release|Any CPU.Build.0 = Release|Any CPU
		{C6787633-B26A-4913-A762-4C0FFCEB6FE3}.Release|ARM.ActiveCfg = Release|Any CPU
		{C6787633-B26A-4913-A762-4C0FFCEB6FE3}.Release|Mixed Platforms.ActiveCfg = Release|Any CPU
		{C6787633-B26A-4913-A762-4C0FFCEB6FE3}.Release|Mixed Platforms.Build.0 = Release|Any CPU
		{C6787633-B26A-4913-A762-4C0FFCEB6FE3}.Release|x64.ActiveCfg = Release|Any CPU
		{C6787633-B26A-4913-A762-4C0FFCEB6FE3}.Release|x86.ActiveCfg = Release|Any CPU
		{42CB7861-70BB-4F34-A815-4355E6EA2589}.Debug|Any CPU.ActiveCfg = Debug|Any CPU
		{42CB7861-70BB-4F34-A815-4355E6EA2589}.Debug|Any CPU.Build.0 = Debug|Any CPU
		{42CB7861-70BB-4F34-A815-4355E6EA2589}.Debug|ARM.ActiveCfg = Debug|Any CPU
		{42CB7861-70BB-4F34-A815-4355E6EA2589}.Debug|Mixed Platforms.ActiveCfg = Debug|Any CPU
		{42CB7861-70BB-4F34-A815-4355E6EA2589}.Debug|Mixed Platforms.Build.0 = Debug|Any CPU
		{42CB7861-70BB-4F34-A815-4355E6EA2589}.Debug|x64.ActiveCfg = Debug|Any CPU
		{42CB7861-70BB-4F34-A815-4355E6EA2589}.Debug|x86.ActiveCfg = Debug|Any CPU
		{42CB7861-70BB-4F34-A815-4355E6EA2589}.Release|Any CPU.ActiveCfg = Release|Any CPU
		{42CB7861-70BB-4F34-A815-4355E6EA2589}.Release|Any CPU.Build.0 = Release|Any CPU
		{42CB7861-70BB-4F34-A815-4355E6EA2589}.Release|ARM.ActiveCfg = Release|Any CPU
		{42CB7861-70BB-4F34-A815-4355E6EA2589}.Release|Mixed Platforms.ActiveCfg = Release|Any CPU
		{42CB7861-70BB-4F34-A815-4355E6EA2589}.Release|Mixed Platforms.Build.0 = Release|Any CPU
		{42CB7861-70BB-4F34-A815-4355E6EA2589}.Release|x64.ActiveCfg = Release|Any CPU
		{42CB7861-70BB-4F34-A815-4355E6EA2589}.Release|x86.ActiveCfg = Release|Any CPU
		{CA607E8F-2906-4065-A1A9-4A3733F0CC31}.Debug|Any CPU.ActiveCfg = Debug|Any CPU
		{CA607E8F-2906-4065-A1A9-4A3733F0CC31}.Debug|Any CPU.Build.0 = Debug|Any CPU
		{CA607E8F-2906-4065-A1A9-4A3733F0CC31}.Debug|ARM.ActiveCfg = Debug|Any CPU
		{CA607E8F-2906-4065-A1A9-4A3733F0CC31}.Debug|Mixed Platforms.ActiveCfg = Debug|Any CPU
		{CA607E8F-2906-4065-A1A9-4A3733F0CC31}.Debug|Mixed Platforms.Build.0 = Debug|Any CPU
		{CA607E8F-2906-4065-A1A9-4A3733F0CC31}.Debug|x64.ActiveCfg = Debug|Any CPU
		{CA607E8F-2906-4065-A1A9-4A3733F0CC31}.Debug|x86.ActiveCfg = Debug|Any CPU
		{CA607E8F-2906-4065-A1A9-4A3733F0CC31}.Release|Any CPU.ActiveCfg = Release|Any CPU
		{CA607E8F-2906-4065-A1A9-4A3733F0CC31}.Release|Any CPU.Build.0 = Release|Any CPU
		{CA607E8F-2906-4065-A1A9-4A3733F0CC31}.Release|ARM.ActiveCfg = Release|Any CPU
		{CA607E8F-2906-4065-A1A9-4A3733F0CC31}.Release|Mixed Platforms.ActiveCfg = Release|Any CPU
		{CA607E8F-2906-4065-A1A9-4A3733F0CC31}.Release|Mixed Platforms.Build.0 = Release|Any CPU
		{CA607E8F-2906-4065-A1A9-4A3733F0CC31}.Release|x64.ActiveCfg = Release|Any CPU
		{CA607E8F-2906-4065-A1A9-4A3733F0CC31}.Release|x86.ActiveCfg = Release|Any CPU
		{6EB781C5-6D91-48F0-8F79-EC1E4EDAAF7B}.Debug|Any CPU.ActiveCfg = Debug|Any CPU
		{6EB781C5-6D91-48F0-8F79-EC1E4EDAAF7B}.Debug|Any CPU.Build.0 = Debug|Any CPU
		{6EB781C5-6D91-48F0-8F79-EC1E4EDAAF7B}.Debug|ARM.ActiveCfg = Debug|Any CPU
		{6EB781C5-6D91-48F0-8F79-EC1E4EDAAF7B}.Debug|Mixed Platforms.ActiveCfg = Debug|Any CPU
		{6EB781C5-6D91-48F0-8F79-EC1E4EDAAF7B}.Debug|Mixed Platforms.Build.0 = Debug|Any CPU
		{6EB781C5-6D91-48F0-8F79-EC1E4EDAAF7B}.Debug|x64.ActiveCfg = Debug|Any CPU
		{6EB781C5-6D91-48F0-8F79-EC1E4EDAAF7B}.Debug|x86.ActiveCfg = Debug|Any CPU
		{6EB781C5-6D91-48F0-8F79-EC1E4EDAAF7B}.Release|Any CPU.ActiveCfg = Release|Any CPU
		{6EB781C5-6D91-48F0-8F79-EC1E4EDAAF7B}.Release|Any CPU.Build.0 = Release|Any CPU
		{6EB781C5-6D91-48F0-8F79-EC1E4EDAAF7B}.Release|ARM.ActiveCfg = Release|Any CPU
		{6EB781C5-6D91-48F0-8F79-EC1E4EDAAF7B}.Release|Mixed Platforms.ActiveCfg = Release|Any CPU
		{6EB781C5-6D91-48F0-8F79-EC1E4EDAAF7B}.Release|Mixed Platforms.Build.0 = Release|Any CPU
		{6EB781C5-6D91-48F0-8F79-EC1E4EDAAF7B}.Release|x64.ActiveCfg = Release|Any CPU
		{6EB781C5-6D91-48F0-8F79-EC1E4EDAAF7B}.Release|x86.ActiveCfg = Release|Any CPU
		{1E1FF9EF-05E0-4305-AFD1-AD0A20069B8B}.Debug|Any CPU.ActiveCfg = Debug|Any CPU
		{1E1FF9EF-05E0-4305-AFD1-AD0A20069B8B}.Debug|Any CPU.Build.0 = Debug|Any CPU
		{1E1FF9EF-05E0-4305-AFD1-AD0A20069B8B}.Debug|ARM.ActiveCfg = Debug|Any CPU
		{1E1FF9EF-05E0-4305-AFD1-AD0A20069B8B}.Debug|Mixed Platforms.ActiveCfg = Debug|Any CPU
		{1E1FF9EF-05E0-4305-AFD1-AD0A20069B8B}.Debug|Mixed Platforms.Build.0 = Debug|Any CPU
		{1E1FF9EF-05E0-4305-AFD1-AD0A20069B8B}.Debug|x64.ActiveCfg = Debug|Any CPU
		{1E1FF9EF-05E0-4305-AFD1-AD0A20069B8B}.Debug|x86.ActiveCfg = Debug|Any CPU
		{1E1FF9EF-05E0-4305-AFD1-AD0A20069B8B}.Release|Any CPU.ActiveCfg = Release|Any CPU
		{1E1FF9EF-05E0-4305-AFD1-AD0A20069B8B}.Release|Any CPU.Build.0 = Release|Any CPU
		{1E1FF9EF-05E0-4305-AFD1-AD0A20069B8B}.Release|ARM.ActiveCfg = Release|Any CPU
		{1E1FF9EF-05E0-4305-AFD1-AD0A20069B8B}.Release|Mixed Platforms.ActiveCfg = Release|Any CPU
		{1E1FF9EF-05E0-4305-AFD1-AD0A20069B8B}.Release|Mixed Platforms.Build.0 = Release|Any CPU
		{1E1FF9EF-05E0-4305-AFD1-AD0A20069B8B}.Release|x64.ActiveCfg = Release|Any CPU
		{1E1FF9EF-05E0-4305-AFD1-AD0A20069B8B}.Release|x86.ActiveCfg = Release|Any CPU
		{B0A800BB-D01B-42C0-8FBC-FA868C29C8B7}.Debug|Any CPU.ActiveCfg = Debug|Any CPU
		{B0A800BB-D01B-42C0-8FBC-FA868C29C8B7}.Debug|Any CPU.Build.0 = Debug|Any CPU
		{B0A800BB-D01B-42C0-8FBC-FA868C29C8B7}.Debug|Any CPU.Deploy.0 = Debug|Any CPU
		{B0A800BB-D01B-42C0-8FBC-FA868C29C8B7}.Debug|ARM.ActiveCfg = Debug|Any CPU
		{B0A800BB-D01B-42C0-8FBC-FA868C29C8B7}.Debug|Mixed Platforms.ActiveCfg = Debug|Any CPU
		{B0A800BB-D01B-42C0-8FBC-FA868C29C8B7}.Debug|Mixed Platforms.Build.0 = Debug|Any CPU
		{B0A800BB-D01B-42C0-8FBC-FA868C29C8B7}.Debug|Mixed Platforms.Deploy.0 = Debug|Any CPU
		{B0A800BB-D01B-42C0-8FBC-FA868C29C8B7}.Debug|x64.ActiveCfg = Debug|Any CPU
		{B0A800BB-D01B-42C0-8FBC-FA868C29C8B7}.Debug|x86.ActiveCfg = Debug|Any CPU
		{B0A800BB-D01B-42C0-8FBC-FA868C29C8B7}.Release|Any CPU.ActiveCfg = Release|Any CPU
		{B0A800BB-D01B-42C0-8FBC-FA868C29C8B7}.Release|Any CPU.Build.0 = Release|Any CPU
		{B0A800BB-D01B-42C0-8FBC-FA868C29C8B7}.Release|Any CPU.Deploy.0 = Release|Any CPU
		{B0A800BB-D01B-42C0-8FBC-FA868C29C8B7}.Release|ARM.ActiveCfg = Release|Any CPU
		{B0A800BB-D01B-42C0-8FBC-FA868C29C8B7}.Release|Mixed Platforms.ActiveCfg = Release|Any CPU
		{B0A800BB-D01B-42C0-8FBC-FA868C29C8B7}.Release|Mixed Platforms.Build.0 = Release|Any CPU
		{B0A800BB-D01B-42C0-8FBC-FA868C29C8B7}.Release|Mixed Platforms.Deploy.0 = Release|Any CPU
		{B0A800BB-D01B-42C0-8FBC-FA868C29C8B7}.Release|x64.ActiveCfg = Release|Any CPU
		{B0A800BB-D01B-42C0-8FBC-FA868C29C8B7}.Release|x86.ActiveCfg = Release|Any CPU
		{CF1D432A-380F-434A-BC43-FC39AC8B61A8}.Debug|Any CPU.ActiveCfg = Debug|Any CPU
		{CF1D432A-380F-434A-BC43-FC39AC8B61A8}.Debug|Any CPU.Build.0 = Debug|Any CPU
		{CF1D432A-380F-434A-BC43-FC39AC8B61A8}.Debug|ARM.ActiveCfg = Debug|Any CPU
		{CF1D432A-380F-434A-BC43-FC39AC8B61A8}.Debug|ARM.Build.0 = Debug|Any CPU
		{CF1D432A-380F-434A-BC43-FC39AC8B61A8}.Debug|Mixed Platforms.ActiveCfg = Debug|Any CPU
		{CF1D432A-380F-434A-BC43-FC39AC8B61A8}.Debug|Mixed Platforms.Build.0 = Debug|Any CPU
		{CF1D432A-380F-434A-BC43-FC39AC8B61A8}.Debug|x64.ActiveCfg = Debug|Any CPU
		{CF1D432A-380F-434A-BC43-FC39AC8B61A8}.Debug|x86.ActiveCfg = Debug|Any CPU
		{CF1D432A-380F-434A-BC43-FC39AC8B61A8}.Debug|x86.Build.0 = Debug|Any CPU
		{CF1D432A-380F-434A-BC43-FC39AC8B61A8}.Release|Any CPU.ActiveCfg = Release|Any CPU
		{CF1D432A-380F-434A-BC43-FC39AC8B61A8}.Release|Any CPU.Build.0 = Release|Any CPU
		{CF1D432A-380F-434A-BC43-FC39AC8B61A8}.Release|ARM.ActiveCfg = Release|Any CPU
		{CF1D432A-380F-434A-BC43-FC39AC8B61A8}.Release|Mixed Platforms.ActiveCfg = Release|Any CPU
		{CF1D432A-380F-434A-BC43-FC39AC8B61A8}.Release|Mixed Platforms.Build.0 = Release|Any CPU
		{CF1D432A-380F-434A-BC43-FC39AC8B61A8}.Release|x64.ActiveCfg = Release|Any CPU
		{CF1D432A-380F-434A-BC43-FC39AC8B61A8}.Release|x86.ActiveCfg = Release|Any CPU
		{9456513A-1DDD-44E8-9FF0-985317F29A50}.Debug|Any CPU.ActiveCfg = Debug|x86
		{9456513A-1DDD-44E8-9FF0-985317F29A50}.Debug|Any CPU.Build.0 = Debug|x86
		{9456513A-1DDD-44E8-9FF0-985317F29A50}.Debug|Any CPU.Deploy.0 = Debug|x86
		{9456513A-1DDD-44E8-9FF0-985317F29A50}.Debug|ARM.ActiveCfg = Debug|ARM
		{9456513A-1DDD-44E8-9FF0-985317F29A50}.Debug|ARM.Build.0 = Debug|ARM
		{9456513A-1DDD-44E8-9FF0-985317F29A50}.Debug|ARM.Deploy.0 = Debug|ARM
		{9456513A-1DDD-44E8-9FF0-985317F29A50}.Debug|Mixed Platforms.ActiveCfg = Debug|x86
		{9456513A-1DDD-44E8-9FF0-985317F29A50}.Debug|Mixed Platforms.Build.0 = Debug|x86
		{9456513A-1DDD-44E8-9FF0-985317F29A50}.Debug|Mixed Platforms.Deploy.0 = Debug|x86
		{9456513A-1DDD-44E8-9FF0-985317F29A50}.Debug|x64.ActiveCfg = Debug|x86
		{9456513A-1DDD-44E8-9FF0-985317F29A50}.Debug|x86.ActiveCfg = Debug|x86
		{9456513A-1DDD-44E8-9FF0-985317F29A50}.Debug|x86.Build.0 = Debug|x86
		{9456513A-1DDD-44E8-9FF0-985317F29A50}.Debug|x86.Deploy.0 = Debug|x86
		{9456513A-1DDD-44E8-9FF0-985317F29A50}.Release|Any CPU.ActiveCfg = Release|x86
		{9456513A-1DDD-44E8-9FF0-985317F29A50}.Release|ARM.ActiveCfg = Release|ARM
		{9456513A-1DDD-44E8-9FF0-985317F29A50}.Release|ARM.Build.0 = Release|ARM
		{9456513A-1DDD-44E8-9FF0-985317F29A50}.Release|ARM.Deploy.0 = Release|ARM
		{9456513A-1DDD-44E8-9FF0-985317F29A50}.Release|Mixed Platforms.ActiveCfg = Release|x86
		{9456513A-1DDD-44E8-9FF0-985317F29A50}.Release|Mixed Platforms.Build.0 = Release|x86
		{9456513A-1DDD-44E8-9FF0-985317F29A50}.Release|Mixed Platforms.Deploy.0 = Release|x86
		{9456513A-1DDD-44E8-9FF0-985317F29A50}.Release|x64.ActiveCfg = Release|x86
		{9456513A-1DDD-44E8-9FF0-985317F29A50}.Release|x86.ActiveCfg = Release|x86
		{9456513A-1DDD-44E8-9FF0-985317F29A50}.Release|x86.Build.0 = Release|x86
		{9456513A-1DDD-44E8-9FF0-985317F29A50}.Release|x86.Deploy.0 = Release|x86
		{5AD650DA-6FCE-413F-B5E5-D6D436359853}.Debug|Any CPU.ActiveCfg = Debug|x86
		{5AD650DA-6FCE-413F-B5E5-D6D436359853}.Debug|ARM.ActiveCfg = Debug|ARM
		{5AD650DA-6FCE-413F-B5E5-D6D436359853}.Debug|ARM.Build.0 = Debug|ARM
		{5AD650DA-6FCE-413F-B5E5-D6D436359853}.Debug|ARM.Deploy.0 = Debug|ARM
		{5AD650DA-6FCE-413F-B5E5-D6D436359853}.Debug|Mixed Platforms.ActiveCfg = Debug|x86
		{5AD650DA-6FCE-413F-B5E5-D6D436359853}.Debug|Mixed Platforms.Build.0 = Debug|x86
		{5AD650DA-6FCE-413F-B5E5-D6D436359853}.Debug|Mixed Platforms.Deploy.0 = Debug|x86
		{5AD650DA-6FCE-413F-B5E5-D6D436359853}.Debug|x64.ActiveCfg = Debug|x86
		{5AD650DA-6FCE-413F-B5E5-D6D436359853}.Debug|x86.ActiveCfg = Debug|x86
		{5AD650DA-6FCE-413F-B5E5-D6D436359853}.Debug|x86.Build.0 = Debug|x86
		{5AD650DA-6FCE-413F-B5E5-D6D436359853}.Debug|x86.Deploy.0 = Debug|x86
		{5AD650DA-6FCE-413F-B5E5-D6D436359853}.Release|Any CPU.ActiveCfg = Release|x86
		{5AD650DA-6FCE-413F-B5E5-D6D436359853}.Release|ARM.ActiveCfg = Release|ARM
		{5AD650DA-6FCE-413F-B5E5-D6D436359853}.Release|ARM.Build.0 = Release|ARM
		{5AD650DA-6FCE-413F-B5E5-D6D436359853}.Release|ARM.Deploy.0 = Release|ARM
		{5AD650DA-6FCE-413F-B5E5-D6D436359853}.Release|Mixed Platforms.ActiveCfg = Release|x86
		{5AD650DA-6FCE-413F-B5E5-D6D436359853}.Release|Mixed Platforms.Build.0 = Release|x86
		{5AD650DA-6FCE-413F-B5E5-D6D436359853}.Release|Mixed Platforms.Deploy.0 = Release|x86
		{5AD650DA-6FCE-413F-B5E5-D6D436359853}.Release|x64.ActiveCfg = Release|x86
		{5AD650DA-6FCE-413F-B5E5-D6D436359853}.Release|x86.ActiveCfg = Release|x86
		{5AD650DA-6FCE-413F-B5E5-D6D436359853}.Release|x86.Build.0 = Release|x86
		{5AD650DA-6FCE-413F-B5E5-D6D436359853}.Release|x86.Deploy.0 = Release|x86
		{008D78B8-5C78-4BD7-9779-D2A6B2D35091}.Debug|Any CPU.ActiveCfg = Debug|Any CPU
		{008D78B8-5C78-4BD7-9779-D2A6B2D35091}.Debug|Any CPU.Build.0 = Debug|Any CPU
		{008D78B8-5C78-4BD7-9779-D2A6B2D35091}.Debug|ARM.ActiveCfg = Debug|Any CPU
		{008D78B8-5C78-4BD7-9779-D2A6B2D35091}.Debug|Mixed Platforms.ActiveCfg = Debug|Any CPU
		{008D78B8-5C78-4BD7-9779-D2A6B2D35091}.Debug|Mixed Platforms.Build.0 = Debug|Any CPU
		{008D78B8-5C78-4BD7-9779-D2A6B2D35091}.Debug|x64.ActiveCfg = Debug|Any CPU
		{008D78B8-5C78-4BD7-9779-D2A6B2D35091}.Debug|x86.ActiveCfg = Debug|Any CPU
		{008D78B8-5C78-4BD7-9779-D2A6B2D35091}.Release|Any CPU.ActiveCfg = Release|Any CPU
		{008D78B8-5C78-4BD7-9779-D2A6B2D35091}.Release|Any CPU.Build.0 = Release|Any CPU
		{008D78B8-5C78-4BD7-9779-D2A6B2D35091}.Release|ARM.ActiveCfg = Release|Any CPU
		{008D78B8-5C78-4BD7-9779-D2A6B2D35091}.Release|Mixed Platforms.ActiveCfg = Release|Any CPU
		{008D78B8-5C78-4BD7-9779-D2A6B2D35091}.Release|Mixed Platforms.Build.0 = Release|Any CPU
		{008D78B8-5C78-4BD7-9779-D2A6B2D35091}.Release|x64.ActiveCfg = Release|Any CPU
		{008D78B8-5C78-4BD7-9779-D2A6B2D35091}.Release|x86.ActiveCfg = Release|Any CPU
		{F870054B-A7C4-4DC9-97EB-4741A4AD3C01}.Debug|Any CPU.ActiveCfg = Debug|x86
		{F870054B-A7C4-4DC9-97EB-4741A4AD3C01}.Debug|ARM.ActiveCfg = Debug|ARM
		{F870054B-A7C4-4DC9-97EB-4741A4AD3C01}.Debug|ARM.Build.0 = Debug|ARM
		{F870054B-A7C4-4DC9-97EB-4741A4AD3C01}.Debug|ARM.Deploy.0 = Debug|ARM
		{F870054B-A7C4-4DC9-97EB-4741A4AD3C01}.Debug|Mixed Platforms.ActiveCfg = Debug|x86
		{F870054B-A7C4-4DC9-97EB-4741A4AD3C01}.Debug|Mixed Platforms.Build.0 = Debug|x86
		{F870054B-A7C4-4DC9-97EB-4741A4AD3C01}.Debug|Mixed Platforms.Deploy.0 = Debug|x86
		{F870054B-A7C4-4DC9-97EB-4741A4AD3C01}.Debug|x64.ActiveCfg = Debug|x86
		{F870054B-A7C4-4DC9-97EB-4741A4AD3C01}.Debug|x86.ActiveCfg = Debug|x86
		{F870054B-A7C4-4DC9-97EB-4741A4AD3C01}.Debug|x86.Build.0 = Debug|x86
		{F870054B-A7C4-4DC9-97EB-4741A4AD3C01}.Debug|x86.Deploy.0 = Debug|x86
		{F870054B-A7C4-4DC9-97EB-4741A4AD3C01}.Release|Any CPU.ActiveCfg = Release|x86
		{F870054B-A7C4-4DC9-97EB-4741A4AD3C01}.Release|ARM.ActiveCfg = Release|ARM
		{F870054B-A7C4-4DC9-97EB-4741A4AD3C01}.Release|ARM.Build.0 = Release|ARM
		{F870054B-A7C4-4DC9-97EB-4741A4AD3C01}.Release|ARM.Deploy.0 = Release|ARM
		{F870054B-A7C4-4DC9-97EB-4741A4AD3C01}.Release|Mixed Platforms.ActiveCfg = Release|x86
		{F870054B-A7C4-4DC9-97EB-4741A4AD3C01}.Release|Mixed Platforms.Build.0 = Release|x86
		{F870054B-A7C4-4DC9-97EB-4741A4AD3C01}.Release|Mixed Platforms.Deploy.0 = Release|x86
		{F870054B-A7C4-4DC9-97EB-4741A4AD3C01}.Release|x64.ActiveCfg = Release|x86
		{F870054B-A7C4-4DC9-97EB-4741A4AD3C01}.Release|x86.ActiveCfg = Release|x86
		{F870054B-A7C4-4DC9-97EB-4741A4AD3C01}.Release|x86.Build.0 = Release|x86
		{F870054B-A7C4-4DC9-97EB-4741A4AD3C01}.Release|x86.Deploy.0 = Release|x86
	EndGlobalSection
	GlobalSection(SolutionProperties) = preSolution
		HideSolutionNode = FALSE
	EndGlobalSection
	GlobalSection(NestedProjects) = preSolution
		{C6787633-B26A-4913-A762-4C0FFCEB6FE3} = {5F685EAE-1061-4433-A294-CB971EAE70A1}
		{42CB7861-70BB-4F34-A815-4355E6EA2589} = {98BAD4CC-AB18-43FF-9778-C226262B2188}
		{437E79C3-9AD3-499D-92A4-75DCE81A8833} = {CD7D43DF-B62D-40B1-927C-AEE326941FEA}
		{CA607E8F-2906-4065-A1A9-4A3733F0CC31} = {437E79C3-9AD3-499D-92A4-75DCE81A8833}
		{6EB781C5-6D91-48F0-8F79-EC1E4EDAAF7B} = {437E79C3-9AD3-499D-92A4-75DCE81A8833}
		{1E1FF9EF-05E0-4305-AFD1-AD0A20069B8B} = {15255C39-9498-48E9-896E-C25C6B56DE6A}
		{B0A800BB-D01B-42C0-8FBC-FA868C29C8B7} = {860430A0-3485-4EC2-A7ED-DFEFF1B62F6E}
		{CF1D432A-380F-434A-BC43-FC39AC8B61A8} = {A9DE5778-CF31-4C30-B523-A2607118CD5A}
		{9456513A-1DDD-44E8-9FF0-985317F29A50} = {05A53D9E-8EBD-4F36-8D10-EA070FC3AB8C}
		{5F685EAE-1061-4433-A294-CB971EAE70A1} = {CE1EB2B6-0DA8-43D4-A2E1-001804697009}
		{98BAD4CC-AB18-43FF-9778-C226262B2188} = {CE1EB2B6-0DA8-43D4-A2E1-001804697009}
		{A9DE5778-CF31-4C30-B523-A2607118CD5A} = {CE1EB2B6-0DA8-43D4-A2E1-001804697009}
		{15255C39-9498-48E9-896E-C25C6B56DE6A} = {CD7D43DF-B62D-40B1-927C-AEE326941FEA}
		{05A53D9E-8EBD-4F36-8D10-EA070FC3AB8C} = {CD7D43DF-B62D-40B1-927C-AEE326941FEA}
		{860430A0-3485-4EC2-A7ED-DFEFF1B62F6E} = {CD7D43DF-B62D-40B1-927C-AEE326941FEA}
		{5AD650DA-6FCE-413F-B5E5-D6D436359853} = {05A53D9E-8EBD-4F36-8D10-EA070FC3AB8C}
		{28E2E0D3-7EA3-4A92-BF2C-02D021D09F51} = {CE1EB2B6-0DA8-43D4-A2E1-001804697009}
		{008D78B8-5C78-4BD7-9779-D2A6B2D35091} = {28E2E0D3-7EA3-4A92-BF2C-02D021D09F51}
		{F870054B-A7C4-4DC9-97EB-4741A4AD3C01} = {05A53D9E-8EBD-4F36-8D10-EA070FC3AB8C}
	EndGlobalSection
EndGlobal
