
Microsoft Visual Studio Solution File, Format Version 12.00
# Visual Studio 15
VisualStudioVersion = 15.0.27428.2037
MinimumVisualStudioVersion = 10.0.40219.1
Project("{9A19103F-16F7-4668-BE54-9A1E7A4F7556}") = "Microsoft.Azure.Storage.Common.NetStandard2", "Lib\Common.Split\NetStandard2\Microsoft.Azure.Storage.Common.NetStandard2.csproj", "{27D74FE0-4FD0-41A4-BE7E-298F9E84FEB8}"
EndProject
Project("{9A19103F-16F7-4668-BE54-9A1E7A4F7556}") = "Microsoft.Azure.Storage.Blob.NetStandard2", "Lib\NetStandard2.Split\Blob\Microsoft.Azure.Storage.Blob.NetStandard2.csproj", "{1F0B7D79-38AF-44FC-85B7-69CEF5D8C9D4}"
EndProject
Project("{2150E333-8FDC-42A3-9474-1A3956D46DE8}") = "Common", "Common", "{73674900-62AC-4CBD-BAC5-7E76E3CCA9BD}"
EndProject
Project("{2150E333-8FDC-42A3-9474-1A3956D46DE8}") = "Shared", "Shared", "{E6CB40AE-DDBE-457E-AE5F-742CDEBE4B38}"
EndProject
Project("{D954291E-2A0B-460D-934E-DC6B0785DB48}") = "Microsoft.Azure.Storage.Common.Blob", "Lib\Common.Split\Shared\Blob.Shared\Microsoft.Azure.Storage.Common.Blob.shproj", "{0794A15F-79AE-4CBB-B08C-8259F20DFB18}"
EndProject
Project("{9A19103F-16F7-4668-BE54-9A1E7A4F7556}") = "Microsoft.Azure.Storage.File.NetStandard2", "Lib\NetStandard2.Split\File\Microsoft.Azure.Storage.File.NetStandard2.csproj", "{BEBF9E2B-D401-4FAB-989D-A21C79E8F797}"
EndProject
Project("{9A19103F-16F7-4668-BE54-9A1E7A4F7556}") = "Microsoft.Azure.Storage.Queue.NetStandard2", "Lib\NetStandard2.Split\Queue\Microsoft.Azure.Storage.Queue.NetStandard2.csproj", "{155B87EF-5F70-44AF-90BF-CF5859EE7B0E}"
EndProject
Project("{D954291E-2A0B-460D-934E-DC6B0785DB48}") = "Microsoft.Azure.Storage.Common.File", "Lib\Common.Split\Shared\File.Shared\Microsoft.Azure.Storage.Common.File.shproj", "{95DAB5DD-4B2A-4F90-AB83-885B4C3B4A44}"
EndProject
Project("{D954291E-2A0B-460D-934E-DC6B0785DB48}") = "Microsoft.Azure.Storage.Common.Queue", "Lib\Common.Split\Shared\Queue.Shared\Microsoft.Azure.Storage.Common.Queue.shproj", "{E7F33F50-9EF3-4F61-9287-087E8AC6B37B}"
EndProject
Project("{9A19103F-16F7-4668-BE54-9A1E7A4F7556}") = "Microsoft.Azure.Storage.Test.NetCore2", "Test\NetCore2\Microsoft.Azure.Storage.Test.NetCore2.csproj", "{79A2F9E5-4272-4EC3-A2C9-E517E947F22F}"
EndProject
Project("{2150E333-8FDC-42A3-9474-1A3956D46DE8}") = "Lib", "Lib", "{B429B614-0A01-4031-B4BF-4953C22174C6}"
EndProject
Project("{2150E333-8FDC-42A3-9474-1A3956D46DE8}") = "Test", "Test", "{B526B34C-E5B8-4B1B-82A5-66BC9EA8EAD0}"
EndProject
Project("{FAE04EC0-301F-11D3-BF4B-00C04F79EFBC}") = "HttpMangler", "Test\FaultInjection\HttpMangler\HttpMangler.csproj", "{CA607E8F-2906-4065-A1A9-4A3733F0CC31}"
EndProject
Project("{FAE04EC0-301F-11D3-BF4B-00C04F79EFBC}") = "AzureStorageMangler", "Test\FaultInjection\AzureStorageMangler\AzureStorageMangler.csproj", "{6EB781C5-6D91-48F0-8F79-EC1E4EDAAF7B}"
EndProject
Global
	GlobalSection(SharedMSBuildProjectFiles) = preSolution
		Lib\Common.Split\Shared\Blob.Shared\Microsoft.Azure.Storage.Common.Blob.projitems*{0794a15f-79ae-4cbb-b08c-8259f20dfb18}*SharedItemsImports = 13
		Lib\Common.Split\Shared\File.Shared\Microsoft.Azure.Storage.Common.File.projitems*{95dab5dd-4b2a-4f90-ab83-885b4c3b4a44}*SharedItemsImports = 13
		Lib\Common.Split\Shared\Queue.Shared\Microsoft.Azure.Storage.Common.Queue.projitems*{e7f33f50-9ef3-4f61-9287-087e8ac6b37b}*SharedItemsImports = 13
	EndGlobalSection
	GlobalSection(SolutionConfigurationPlatforms) = preSolution
		Debug|Any CPU = Debug|Any CPU
		Release|Any CPU = Release|Any CPU
	EndGlobalSection
	GlobalSection(ProjectConfigurationPlatforms) = postSolution
		{27D74FE0-4FD0-41A4-BE7E-298F9E84FEB8}.Debug|Any CPU.ActiveCfg = Debug|Any CPU
		{27D74FE0-4FD0-41A4-BE7E-298F9E84FEB8}.Debug|Any CPU.Build.0 = Debug|Any CPU
		{27D74FE0-4FD0-41A4-BE7E-298F9E84FEB8}.Release|Any CPU.ActiveCfg = Release|Any CPU
		{27D74FE0-4FD0-41A4-BE7E-298F9E84FEB8}.Release|Any CPU.Build.0 = Release|Any CPU
		{1F0B7D79-38AF-44FC-85B7-69CEF5D8C9D4}.Debug|Any CPU.ActiveCfg = Debug|Any CPU
		{1F0B7D79-38AF-44FC-85B7-69CEF5D8C9D4}.Debug|Any CPU.Build.0 = Debug|Any CPU
		{1F0B7D79-38AF-44FC-85B7-69CEF5D8C9D4}.Release|Any CPU.ActiveCfg = Release|Any CPU
		{1F0B7D79-38AF-44FC-85B7-69CEF5D8C9D4}.Release|Any CPU.Build.0 = Release|Any CPU
		{BEBF9E2B-D401-4FAB-989D-A21C79E8F797}.Debug|Any CPU.ActiveCfg = Debug|Any CPU
		{BEBF9E2B-D401-4FAB-989D-A21C79E8F797}.Debug|Any CPU.Build.0 = Debug|Any CPU
		{BEBF9E2B-D401-4FAB-989D-A21C79E8F797}.Release|Any CPU.ActiveCfg = Release|Any CPU
		{BEBF9E2B-D401-4FAB-989D-A21C79E8F797}.Release|Any CPU.Build.0 = Release|Any CPU
		{155B87EF-5F70-44AF-90BF-CF5859EE7B0E}.Debug|Any CPU.ActiveCfg = Debug|Any CPU
		{155B87EF-5F70-44AF-90BF-CF5859EE7B0E}.Debug|Any CPU.Build.0 = Debug|Any CPU
		{155B87EF-5F70-44AF-90BF-CF5859EE7B0E}.Release|Any CPU.ActiveCfg = Release|Any CPU
		{155B87EF-5F70-44AF-90BF-CF5859EE7B0E}.Release|Any CPU.Build.0 = Release|Any CPU
		{79A2F9E5-4272-4EC3-A2C9-E517E947F22F}.Debug|Any CPU.ActiveCfg = Debug|Any CPU
		{79A2F9E5-4272-4EC3-A2C9-E517E947F22F}.Debug|Any CPU.Build.0 = Debug|Any CPU
		{79A2F9E5-4272-4EC3-A2C9-E517E947F22F}.Release|Any CPU.ActiveCfg = Release|Any CPU
		{79A2F9E5-4272-4EC3-A2C9-E517E947F22F}.Release|Any CPU.Build.0 = Release|Any CPU
		{CA607E8F-2906-4065-A1A9-4A3733F0CC31}.Debug|Any CPU.ActiveCfg = Debug|Any CPU
		{CA607E8F-2906-4065-A1A9-4A3733F0CC31}.Debug|Any CPU.Build.0 = Debug|Any CPU
		{CA607E8F-2906-4065-A1A9-4A3733F0CC31}.Release|Any CPU.ActiveCfg = Release|Any CPU
		{CA607E8F-2906-4065-A1A9-4A3733F0CC31}.Release|Any CPU.Build.0 = Release|Any CPU
		{6EB781C5-6D91-48F0-8F79-EC1E4EDAAF7B}.Debug|Any CPU.ActiveCfg = Debug|Any CPU
		{6EB781C5-6D91-48F0-8F79-EC1E4EDAAF7B}.Debug|Any CPU.Build.0 = Debug|Any CPU
		{6EB781C5-6D91-48F0-8F79-EC1E4EDAAF7B}.Release|Any CPU.ActiveCfg = Release|Any CPU
		{6EB781C5-6D91-48F0-8F79-EC1E4EDAAF7B}.Release|Any CPU.Build.0 = Release|Any CPU
	EndGlobalSection
	GlobalSection(SolutionProperties) = preSolution
		HideSolutionNode = FALSE
	EndGlobalSection
	GlobalSection(NestedProjects) = preSolution
		{27D74FE0-4FD0-41A4-BE7E-298F9E84FEB8} = {73674900-62AC-4CBD-BAC5-7E76E3CCA9BD}
		{1F0B7D79-38AF-44FC-85B7-69CEF5D8C9D4} = {B429B614-0A01-4031-B4BF-4953C22174C6}
		{E6CB40AE-DDBE-457E-AE5F-742CDEBE4B38} = {B429B614-0A01-4031-B4BF-4953C22174C6}
		{0794A15F-79AE-4CBB-B08C-8259F20DFB18} = {E6CB40AE-DDBE-457E-AE5F-742CDEBE4B38}
		{BEBF9E2B-D401-4FAB-989D-A21C79E8F797} = {B429B614-0A01-4031-B4BF-4953C22174C6}
		{155B87EF-5F70-44AF-90BF-CF5859EE7B0E} = {B429B614-0A01-4031-B4BF-4953C22174C6}
		{95DAB5DD-4B2A-4F90-AB83-885B4C3B4A44} = {E6CB40AE-DDBE-457E-AE5F-742CDEBE4B38}
		{E7F33F50-9EF3-4F61-9287-087E8AC6B37B} = {E6CB40AE-DDBE-457E-AE5F-742CDEBE4B38}
		{79A2F9E5-4272-4EC3-A2C9-E517E947F22F} = {B526B34C-E5B8-4B1B-82A5-66BC9EA8EAD0}
		{CA607E8F-2906-4065-A1A9-4A3733F0CC31} = {B526B34C-E5B8-4B1B-82A5-66BC9EA8EAD0}
		{6EB781C5-6D91-48F0-8F79-EC1E4EDAAF7B} = {B526B34C-E5B8-4B1B-82A5-66BC9EA8EAD0}
	EndGlobalSection
	GlobalSection(ExtensibilityGlobals) = postSolution
		SolutionGuid = {18B8B1E2-3B14-43CA-8D1B-F5E2F6D3D0DC}
	EndGlobalSection
EndGlobal
